
Microsoft Visual Studio Solution File, Format Version 12.00
# Visual Studio Version 16
Project("{2150E333-8FDC-42A3-9474-1A3956D46DE8}") = "CMakePredefinedTargets", "CMakePredefinedTargets", "{10B38BE0-AB1B-3B1A-B51C-A5C3572CED3C}"
EndProject
Project("{2150E333-8FDC-42A3-9474-1A3956D46DE8}") = "External", "External", "{8E7AF53D-CA2F-34BD-9366-30BD099C647D}"
EndProject
Project("{2150E333-8FDC-42A3-9474-1A3956D46DE8}") = "Internal", "Internal", "{807BFBA4-2D13-3B0C-BF57-A1E7D3A72432}"
EndProject
Project("{2150E333-8FDC-42A3-9474-1A3956D46DE8}") = "Utils", "Utils", "{2CEC7FA9-34B6-3D6B-9CAC-E36EE2E59012}"
EndProject
Project("{8BC9CEB8-8B4A-11D0-8D11-00A0C91BC942}") = "ALL_BUILD", "ALL_BUILD.vcxproj", "{52FF8B0E-0064-34DA-999A-3F49B654F13A}"
	ProjectSection(ProjectDependencies) = postProject
		{93D7C85D-8CD2-3A78-8DFD-DCF53E91999F} = {93D7C85D-8CD2-3A78-8DFD-DCF53E91999F}
		{3B03A8A2-06A5-387E-BB2B-2FFE7DAFD836} = {3B03A8A2-06A5-387E-BB2B-2FFE7DAFD836}
		{50E9CB89-8517-3E5A-B867-B8FA48B4781B} = {50E9CB89-8517-3E5A-B867-B8FA48B4781B}
		{84D40CFF-B927-37A3-946B-01959C36BFE2} = {84D40CFF-B927-37A3-946B-01959C36BFE2}
		{83374889-B558-31A8-BDF0-C168A40D091A} = {83374889-B558-31A8-BDF0-C168A40D091A}
		{50C5959F-0D8B-3749-9ECD-92C561C63CA0} = {50C5959F-0D8B-3749-9ECD-92C561C63CA0}
		{D80BF536-E165-390B-A8F7-3B5F5BA78C58} = {D80BF536-E165-390B-A8F7-3B5F5BA78C58}
		{9A9DFB6E-E44B-3FE9-93C1-C97F029DCF71} = {9A9DFB6E-E44B-3FE9-93C1-C97F029DCF71}
		{3F034EA5-09A7-3BBC-BF62-EE7D0FE88CDF} = {3F034EA5-09A7-3BBC-BF62-EE7D0FE88CDF}
		{1721BBF0-E9F8-31AB-951C-078A8643CBBE} = {1721BBF0-E9F8-31AB-951C-078A8643CBBE}
		{FCB5527F-6ECC-3DCE-B47D-0CA94BB8B5FC} = {FCB5527F-6ECC-3DCE-B47D-0CA94BB8B5FC}
		{CE78D6EB-4225-3501-BCE2-4753219AEBCD} = {CE78D6EB-4225-3501-BCE2-4753219AEBCD}
		{1C2F11F6-E429-3638-B57F-25FFEDD2ADE8} = {1C2F11F6-E429-3638-B57F-25FFEDD2ADE8}
		{6E7CC707-E715-3FEC-9A94-0C56C7CA1C93} = {6E7CC707-E715-3FEC-9A94-0C56C7CA1C93}
		{F9AFEE51-982E-304D-9250-2157799F0CBF} = {F9AFEE51-982E-304D-9250-2157799F0CBF}
	EndProjectSection
EndProject
Project("{8BC9CEB8-8B4A-11D0-8D11-00A0C91BC942}") = "SYNC_RESOURCE-game_insight_test", "SYNC_RESOURCE-game_insight_test.vcxproj", "{93D7C85D-8CD2-3A78-8DFD-DCF53E91999F}"
	ProjectSection(ProjectDependencies) = postProject
		{3B03A8A2-06A5-387E-BB2B-2FFE7DAFD836} = {3B03A8A2-06A5-387E-BB2B-2FFE7DAFD836}
	EndProjectSection
EndProject
Project("{8BC9CEB8-8B4A-11D0-8D11-00A0C91BC942}") = "ZERO_CHECK", "ZERO_CHECK.vcxproj", "{3B03A8A2-06A5-387E-BB2B-2FFE7DAFD836}"
	ProjectSection(ProjectDependencies) = postProject
	EndProjectSection
EndProject
Project("{8BC9CEB8-8B4A-11D0-8D11-00A0C91BC942}") = "cocos2d", "engine\cocos\core\cocos2d.vcxproj", "{50E9CB89-8517-3E5A-B867-B8FA48B4781B}"
	ProjectSection(ProjectDependencies) = postProject
		{3B03A8A2-06A5-387E-BB2B-2FFE7DAFD836} = {3B03A8A2-06A5-387E-BB2B-2FFE7DAFD836}
		{84D40CFF-B927-37A3-946B-01959C36BFE2} = {84D40CFF-B927-37A3-946B-01959C36BFE2}
		{83374889-B558-31A8-BDF0-C168A40D091A} = {83374889-B558-31A8-BDF0-C168A40D091A}
		{50C5959F-0D8B-3749-9ECD-92C561C63CA0} = {50C5959F-0D8B-3749-9ECD-92C561C63CA0}
		{D80BF536-E165-390B-A8F7-3B5F5BA78C58} = {D80BF536-E165-390B-A8F7-3B5F5BA78C58}
		{9A9DFB6E-E44B-3FE9-93C1-C97F029DCF71} = {9A9DFB6E-E44B-3FE9-93C1-C97F029DCF71}
		{3F034EA5-09A7-3BBC-BF62-EE7D0FE88CDF} = {3F034EA5-09A7-3BBC-BF62-EE7D0FE88CDF}
		{1721BBF0-E9F8-31AB-951C-078A8643CBBE} = {1721BBF0-E9F8-31AB-951C-078A8643CBBE}
		{FCB5527F-6ECC-3DCE-B47D-0CA94BB8B5FC} = {FCB5527F-6ECC-3DCE-B47D-0CA94BB8B5FC}
		{CE78D6EB-4225-3501-BCE2-4753219AEBCD} = {CE78D6EB-4225-3501-BCE2-4753219AEBCD}
		{1C2F11F6-E429-3638-B57F-25FFEDD2ADE8} = {1C2F11F6-E429-3638-B57F-25FFEDD2ADE8}
		{6E7CC707-E715-3FEC-9A94-0C56C7CA1C93} = {6E7CC707-E715-3FEC-9A94-0C56C7CA1C93}
	EndProjectSection
EndProject
Project("{8BC9CEB8-8B4A-11D0-8D11-00A0C91BC942}") = "ext_clipper", "engine\external\clipper\ext_clipper.vcxproj", "{84D40CFF-B927-37A3-946B-01959C36BFE2}"
	ProjectSection(ProjectDependencies) = postProject
		{3B03A8A2-06A5-387E-BB2B-2FFE7DAFD836} = {3B03A8A2-06A5-387E-BB2B-2FFE7DAFD836}
	EndProjectSection
EndProject
Project("{8BC9CEB8-8B4A-11D0-8D11-00A0C91BC942}") = "ext_convertUTF", "engine\external\ConvertUTF\ext_convertUTF.vcxproj", "{83374889-B558-31A8-BDF0-C168A40D091A}"
	ProjectSection(ProjectDependencies) = postProject
		{3B03A8A2-06A5-387E-BB2B-2FFE7DAFD836} = {3B03A8A2-06A5-387E-BB2B-2FFE7DAFD836}
	EndProjectSection
EndProject
Project("{8BC9CEB8-8B4A-11D0-8D11-00A0C91BC942}") = "ext_edtaa3func", "engine\external\edtaa3func\ext_edtaa3func.vcxproj", "{50C5959F-0D8B-3749-9ECD-92C561C63CA0}"
	ProjectSection(ProjectDependencies) = postProject
		{3B03A8A2-06A5-387E-BB2B-2FFE7DAFD836} = {3B03A8A2-06A5-387E-BB2B-2FFE7DAFD836}
	EndProjectSection
EndProject
Project("{8BC9CEB8-8B4A-11D0-8D11-00A0C91BC942}") = "ext_md5", "engine\external\md5\ext_md5.vcxproj", "{D80BF536-E165-390B-A8F7-3B5F5BA78C58}"
	ProjectSection(ProjectDependencies) = postProject
		{3B03A8A2-06A5-387E-BB2B-2FFE7DAFD836} = {3B03A8A2-06A5-387E-BB2B-2FFE7DAFD836}
	EndProjectSection
EndProject
Project("{8BC9CEB8-8B4A-11D0-8D11-00A0C91BC942}") = "ext_poly2tri", "engine\external\poly2tri\ext_poly2tri.vcxproj", "{9A9DFB6E-E44B-3FE9-93C1-C97F029DCF71}"
	ProjectSection(ProjectDependencies) = postProject
		{3B03A8A2-06A5-387E-BB2B-2FFE7DAFD836} = {3B03A8A2-06A5-387E-BB2B-2FFE7DAFD836}
	EndProjectSection
EndProject
Project("{8BC9CEB8-8B4A-11D0-8D11-00A0C91BC942}") = "ext_recast", "engine\external\recast\ext_recast.vcxproj", "{3F034EA5-09A7-3BBC-BF62-EE7D0FE88CDF}"
	ProjectSection(ProjectDependencies) = postProject
		{3B03A8A2-06A5-387E-BB2B-2FFE7DAFD836} = {3B03A8A2-06A5-387E-BB2B-2FFE7DAFD836}
	EndProjectSection
EndProject
Project("{8BC9CEB8-8B4A-11D0-8D11-00A0C91BC942}") = "ext_tinyxml2", "engine\external\tinyxml2\ext_tinyxml2.vcxproj", "{1721BBF0-E9F8-31AB-951C-078A8643CBBE}"
	ProjectSection(ProjectDependencies) = postProject
		{3B03A8A2-06A5-387E-BB2B-2FFE7DAFD836} = {3B03A8A2-06A5-387E-BB2B-2FFE7DAFD836}
	EndProjectSection
EndProject
Project("{8BC9CEB8-8B4A-11D0-8D11-00A0C91BC942}") = "ext_unzip", "engine\external\unzip\ext_unzip.vcxproj", "{FCB5527F-6ECC-3DCE-B47D-0CA94BB8B5FC}"
	ProjectSection(ProjectDependencies) = postProject
		{3B03A8A2-06A5-387E-BB2B-2FFE7DAFD836} = {3B03A8A2-06A5-387E-BB2B-2FFE7DAFD836}
	EndProjectSection
EndProject
Project("{8BC9CEB8-8B4A-11D0-8D11-00A0C91BC942}") = "ext_xxhash", "engine\external\xxhash\ext_xxhash.vcxproj", "{CE78D6EB-4225-3501-BCE2-4753219AEBCD}"
	ProjectSection(ProjectDependencies) = postProject
		{3B03A8A2-06A5-387E-BB2B-2FFE7DAFD836} = {3B03A8A2-06A5-387E-BB2B-2FFE7DAFD836}
	EndProjectSection
EndProject
Project("{8BC9CEB8-8B4A-11D0-8D11-00A0C91BC942}") = "ext_xxtea", "engine\external\xxtea\ext_xxtea.vcxproj", "{1C2F11F6-E429-3638-B57F-25FFEDD2ADE8}"
	ProjectSection(ProjectDependencies) = postProject
		{3B03A8A2-06A5-387E-BB2B-2FFE7DAFD836} = {3B03A8A2-06A5-387E-BB2B-2FFE7DAFD836}
	EndProjectSection
EndProject
Project("{8BC9CEB8-8B4A-11D0-8D11-00A0C91BC942}") = "external", "engine\external\external.vcxproj", "{6E7CC707-E715-3FEC-9A94-0C56C7CA1C93}"
	ProjectSection(ProjectDependencies) = postProject
		{3B03A8A2-06A5-387E-BB2B-2FFE7DAFD836} = {3B03A8A2-06A5-387E-BB2B-2FFE7DAFD836}
		{84D40CFF-B927-37A3-946B-01959C36BFE2} = {84D40CFF-B927-37A3-946B-01959C36BFE2}
		{83374889-B558-31A8-BDF0-C168A40D091A} = {83374889-B558-31A8-BDF0-C168A40D091A}
		{50C5959F-0D8B-3749-9ECD-92C561C63CA0} = {50C5959F-0D8B-3749-9ECD-92C561C63CA0}
		{D80BF536-E165-390B-A8F7-3B5F5BA78C58} = {D80BF536-E165-390B-A8F7-3B5F5BA78C58}
		{9A9DFB6E-E44B-3FE9-93C1-C97F029DCF71} = {9A9DFB6E-E44B-3FE9-93C1-C97F029DCF71}
		{3F034EA5-09A7-3BBC-BF62-EE7D0FE88CDF} = {3F034EA5-09A7-3BBC-BF62-EE7D0FE88CDF}
		{1721BBF0-E9F8-31AB-951C-078A8643CBBE} = {1721BBF0-E9F8-31AB-951C-078A8643CBBE}
		{FCB5527F-6ECC-3DCE-B47D-0CA94BB8B5FC} = {FCB5527F-6ECC-3DCE-B47D-0CA94BB8B5FC}
		{CE78D6EB-4225-3501-BCE2-4753219AEBCD} = {CE78D6EB-4225-3501-BCE2-4753219AEBCD}
		{1C2F11F6-E429-3638-B57F-25FFEDD2ADE8} = {1C2F11F6-E429-3638-B57F-25FFEDD2ADE8}
	EndProjectSection
EndProject
Project("{8BC9CEB8-8B4A-11D0-8D11-00A0C91BC942}") = "game_insight_test", "game_insight_test.vcxproj", "{F9AFEE51-982E-304D-9250-2157799F0CBF}"
	ProjectSection(ProjectDependencies) = postProject
		{93D7C85D-8CD2-3A78-8DFD-DCF53E91999F} = {93D7C85D-8CD2-3A78-8DFD-DCF53E91999F}
		{3B03A8A2-06A5-387E-BB2B-2FFE7DAFD836} = {3B03A8A2-06A5-387E-BB2B-2FFE7DAFD836}
		{50E9CB89-8517-3E5A-B867-B8FA48B4781B} = {50E9CB89-8517-3E5A-B867-B8FA48B4781B}
		{84D40CFF-B927-37A3-946B-01959C36BFE2} = {84D40CFF-B927-37A3-946B-01959C36BFE2}
		{83374889-B558-31A8-BDF0-C168A40D091A} = {83374889-B558-31A8-BDF0-C168A40D091A}
		{50C5959F-0D8B-3749-9ECD-92C561C63CA0} = {50C5959F-0D8B-3749-9ECD-92C561C63CA0}
		{D80BF536-E165-390B-A8F7-3B5F5BA78C58} = {D80BF536-E165-390B-A8F7-3B5F5BA78C58}
		{9A9DFB6E-E44B-3FE9-93C1-C97F029DCF71} = {9A9DFB6E-E44B-3FE9-93C1-C97F029DCF71}
		{3F034EA5-09A7-3BBC-BF62-EE7D0FE88CDF} = {3F034EA5-09A7-3BBC-BF62-EE7D0FE88CDF}
		{1721BBF0-E9F8-31AB-951C-078A8643CBBE} = {1721BBF0-E9F8-31AB-951C-078A8643CBBE}
		{FCB5527F-6ECC-3DCE-B47D-0CA94BB8B5FC} = {FCB5527F-6ECC-3DCE-B47D-0CA94BB8B5FC}
		{CE78D6EB-4225-3501-BCE2-4753219AEBCD} = {CE78D6EB-4225-3501-BCE2-4753219AEBCD}
		{1C2F11F6-E429-3638-B57F-25FFEDD2ADE8} = {1C2F11F6-E429-3638-B57F-25FFEDD2ADE8}
		{6E7CC707-E715-3FEC-9A94-0C56C7CA1C93} = {6E7CC707-E715-3FEC-9A94-0C56C7CA1C93}
	EndProjectSection
EndProject
Global
	GlobalSection(SolutionConfigurationPlatforms) = preSolution
		Debug|Win32 = Debug|Win32
		Release|Win32 = Release|Win32
		MinSizeRel|Win32 = MinSizeRel|Win32
		RelWithDebInfo|Win32 = RelWithDebInfo|Win32
	EndGlobalSection
	GlobalSection(ProjectConfigurationPlatforms) = postSolution
		{52FF8B0E-0064-34DA-999A-3F49B654F13A}.Debug|Win32.ActiveCfg = Debug|Win32
		{52FF8B0E-0064-34DA-999A-3F49B654F13A}.Release|Win32.ActiveCfg = Release|Win32
		{52FF8B0E-0064-34DA-999A-3F49B654F13A}.MinSizeRel|Win32.ActiveCfg = MinSizeRel|Win32
		{52FF8B0E-0064-34DA-999A-3F49B654F13A}.RelWithDebInfo|Win32.ActiveCfg = RelWithDebInfo|Win32
		{93D7C85D-8CD2-3A78-8DFD-DCF53E91999F}.Debug|Win32.ActiveCfg = Debug|Win32
		{93D7C85D-8CD2-3A78-8DFD-DCF53E91999F}.Debug|Win32.Build.0 = Debug|Win32
		{93D7C85D-8CD2-3A78-8DFD-DCF53E91999F}.Release|Win32.ActiveCfg = Release|Win32
		{93D7C85D-8CD2-3A78-8DFD-DCF53E91999F}.Release|Win32.Build.0 = Release|Win32
		{93D7C85D-8CD2-3A78-8DFD-DCF53E91999F}.MinSizeRel|Win32.ActiveCfg = MinSizeRel|Win32
		{93D7C85D-8CD2-3A78-8DFD-DCF53E91999F}.MinSizeRel|Win32.Build.0 = MinSizeRel|Win32
		{93D7C85D-8CD2-3A78-8DFD-DCF53E91999F}.RelWithDebInfo|Win32.ActiveCfg = RelWithDebInfo|Win32
		{93D7C85D-8CD2-3A78-8DFD-DCF53E91999F}.RelWithDebInfo|Win32.Build.0 = RelWithDebInfo|Win32
		{3B03A8A2-06A5-387E-BB2B-2FFE7DAFD836}.Debug|Win32.ActiveCfg = Debug|Win32
		{3B03A8A2-06A5-387E-BB2B-2FFE7DAFD836}.Debug|Win32.Build.0 = Debug|Win32
		{3B03A8A2-06A5-387E-BB2B-2FFE7DAFD836}.Release|Win32.ActiveCfg = Release|Win32
		{3B03A8A2-06A5-387E-BB2B-2FFE7DAFD836}.Release|Win32.Build.0 = Release|Win32
		{3B03A8A2-06A5-387E-BB2B-2FFE7DAFD836}.MinSizeRel|Win32.ActiveCfg = MinSizeRel|Win32
		{3B03A8A2-06A5-387E-BB2B-2FFE7DAFD836}.MinSizeRel|Win32.Build.0 = MinSizeRel|Win32
		{3B03A8A2-06A5-387E-BB2B-2FFE7DAFD836}.RelWithDebInfo|Win32.ActiveCfg = RelWithDebInfo|Win32
		{3B03A8A2-06A5-387E-BB2B-2FFE7DAFD836}.RelWithDebInfo|Win32.Build.0 = RelWithDebInfo|Win32
		{50E9CB89-8517-3E5A-B867-B8FA48B4781B}.Debug|Win32.ActiveCfg = Debug|Win32
		{50E9CB89-8517-3E5A-B867-B8FA48B4781B}.Debug|Win32.Build.0 = Debug|Win32
		{50E9CB89-8517-3E5A-B867-B8FA48B4781B}.Release|Win32.ActiveCfg = Release|Win32
		{50E9CB89-8517-3E5A-B867-B8FA48B4781B}.Release|Win32.Build.0 = Release|Win32
		{50E9CB89-8517-3E5A-B867-B8FA48B4781B}.MinSizeRel|Win32.ActiveCfg = MinSizeRel|Win32
		{50E9CB89-8517-3E5A-B867-B8FA48B4781B}.MinSizeRel|Win32.Build.0 = MinSizeRel|Win32
		{50E9CB89-8517-3E5A-B867-B8FA48B4781B}.RelWithDebInfo|Win32.ActiveCfg = RelWithDebInfo|Win32
		{50E9CB89-8517-3E5A-B867-B8FA48B4781B}.RelWithDebInfo|Win32.Build.0 = RelWithDebInfo|Win32
		{84D40CFF-B927-37A3-946B-01959C36BFE2}.Debug|Win32.ActiveCfg = Debug|Win32
		{84D40CFF-B927-37A3-946B-01959C36BFE2}.Debug|Win32.Build.0 = Debug|Win32
		{84D40CFF-B927-37A3-946B-01959C36BFE2}.Release|Win32.ActiveCfg = Release|Win32
		{84D40CFF-B927-37A3-946B-01959C36BFE2}.Release|Win32.Build.0 = Release|Win32
		{84D40CFF-B927-37A3-946B-01959C36BFE2}.MinSizeRel|Win32.ActiveCfg = MinSizeRel|Win32
		{84D40CFF-B927-37A3-946B-01959C36BFE2}.MinSizeRel|Win32.Build.0 = MinSizeRel|Win32
		{84D40CFF-B927-37A3-946B-01959C36BFE2}.RelWithDebInfo|Win32.ActiveCfg = RelWithDebInfo|Win32
		{84D40CFF-B927-37A3-946B-01959C36BFE2}.RelWithDebInfo|Win32.Build.0 = RelWithDebInfo|Win32
		{83374889-B558-31A8-BDF0-C168A40D091A}.Debug|Win32.ActiveCfg = Debug|Win32
		{83374889-B558-31A8-BDF0-C168A40D091A}.Debug|Win32.Build.0 = Debug|Win32
		{83374889-B558-31A8-BDF0-C168A40D091A}.Release|Win32.ActiveCfg = Release|Win32
		{83374889-B558-31A8-BDF0-C168A40D091A}.Release|Win32.Build.0 = Release|Win32
		{83374889-B558-31A8-BDF0-C168A40D091A}.MinSizeRel|Win32.ActiveCfg = MinSizeRel|Win32
		{83374889-B558-31A8-BDF0-C168A40D091A}.MinSizeRel|Win32.Build.0 = MinSizeRel|Win32
		{83374889-B558-31A8-BDF0-C168A40D091A}.RelWithDebInfo|Win32.ActiveCfg = RelWithDebInfo|Win32
		{83374889-B558-31A8-BDF0-C168A40D091A}.RelWithDebInfo|Win32.Build.0 = RelWithDebInfo|Win32
		{50C5959F-0D8B-3749-9ECD-92C561C63CA0}.Debug|Win32.ActiveCfg = Debug|Win32
		{50C5959F-0D8B-3749-9ECD-92C561C63CA0}.Debug|Win32.Build.0 = Debug|Win32
		{50C5959F-0D8B-3749-9ECD-92C561C63CA0}.Release|Win32.ActiveCfg = Release|Win32
		{50C5959F-0D8B-3749-9ECD-92C561C63CA0}.Release|Win32.Build.0 = Release|Win32
		{50C5959F-0D8B-3749-9ECD-92C561C63CA0}.MinSizeRel|Win32.ActiveCfg = MinSizeRel|Win32
		{50C5959F-0D8B-3749-9ECD-92C561C63CA0}.MinSizeRel|Win32.Build.0 = MinSizeRel|Win32
		{50C5959F-0D8B-3749-9ECD-92C561C63CA0}.RelWithDebInfo|Win32.ActiveCfg = RelWithDebInfo|Win32
		{50C5959F-0D8B-3749-9ECD-92C561C63CA0}.RelWithDebInfo|Win32.Build.0 = RelWithDebInfo|Win32
		{D80BF536-E165-390B-A8F7-3B5F5BA78C58}.Debug|Win32.ActiveCfg = Debug|Win32
		{D80BF536-E165-390B-A8F7-3B5F5BA78C58}.Debug|Win32.Build.0 = Debug|Win32
		{D80BF536-E165-390B-A8F7-3B5F5BA78C58}.Release|Win32.ActiveCfg = Release|Win32
		{D80BF536-E165-390B-A8F7-3B5F5BA78C58}.Release|Win32.Build.0 = Release|Win32
		{D80BF536-E165-390B-A8F7-3B5F5BA78C58}.MinSizeRel|Win32.ActiveCfg = MinSizeRel|Win32
		{D80BF536-E165-390B-A8F7-3B5F5BA78C58}.MinSizeRel|Win32.Build.0 = MinSizeRel|Win32
		{D80BF536-E165-390B-A8F7-3B5F5BA78C58}.RelWithDebInfo|Win32.ActiveCfg = RelWithDebInfo|Win32
		{D80BF536-E165-390B-A8F7-3B5F5BA78C58}.RelWithDebInfo|Win32.Build.0 = RelWithDebInfo|Win32
		{9A9DFB6E-E44B-3FE9-93C1-C97F029DCF71}.Debug|Win32.ActiveCfg = Debug|Win32
		{9A9DFB6E-E44B-3FE9-93C1-C97F029DCF71}.Debug|Win32.Build.0 = Debug|Win32
		{9A9DFB6E-E44B-3FE9-93C1-C97F029DCF71}.Release|Win32.ActiveCfg = Release|Win32
		{9A9DFB6E-E44B-3FE9-93C1-C97F029DCF71}.Release|Win32.Build.0 = Release|Win32
		{9A9DFB6E-E44B-3FE9-93C1-C97F029DCF71}.MinSizeRel|Win32.ActiveCfg = MinSizeRel|Win32
		{9A9DFB6E-E44B-3FE9-93C1-C97F029DCF71}.MinSizeRel|Win32.Build.0 = MinSizeRel|Win32
		{9A9DFB6E-E44B-3FE9-93C1-C97F029DCF71}.RelWithDebInfo|Win32.ActiveCfg = RelWithDebInfo|Win32
		{9A9DFB6E-E44B-3FE9-93C1-C97F029DCF71}.RelWithDebInfo|Win32.Build.0 = RelWithDebInfo|Win32
		{3F034EA5-09A7-3BBC-BF62-EE7D0FE88CDF}.Debug|Win32.ActiveCfg = Debug|Win32
		{3F034EA5-09A7-3BBC-BF62-EE7D0FE88CDF}.Debug|Win32.Build.0 = Debug|Win32
		{3F034EA5-09A7-3BBC-BF62-EE7D0FE88CDF}.Release|Win32.ActiveCfg = Release|Win32
		{3F034EA5-09A7-3BBC-BF62-EE7D0FE88CDF}.Release|Win32.Build.0 = Release|Win32
		{3F034EA5-09A7-3BBC-BF62-EE7D0FE88CDF}.MinSizeRel|Win32.ActiveCfg = MinSizeRel|Win32
		{3F034EA5-09A7-3BBC-BF62-EE7D0FE88CDF}.MinSizeRel|Win32.Build.0 = MinSizeRel|Win32
		{3F034EA5-09A7-3BBC-BF62-EE7D0FE88CDF}.RelWithDebInfo|Win32.ActiveCfg = RelWithDebInfo|Win32
		{3F034EA5-09A7-3BBC-BF62-EE7D0FE88CDF}.RelWithDebInfo|Win32.Build.0 = RelWithDebInfo|Win32
		{1721BBF0-E9F8-31AB-951C-078A8643CBBE}.Debug|Win32.ActiveCfg = Debug|Win32
		{1721BBF0-E9F8-31AB-951C-078A8643CBBE}.Debug|Win32.Build.0 = Debug|Win32
		{1721BBF0-E9F8-31AB-951C-078A8643CBBE}.Release|Win32.ActiveCfg = Release|Win32
		{1721BBF0-E9F8-31AB-951C-078A8643CBBE}.Release|Win32.Build.0 = Release|Win32
		{1721BBF0-E9F8-31AB-951C-078A8643CBBE}.MinSizeRel|Win32.ActiveCfg = MinSizeRel|Win32
		{1721BBF0-E9F8-31AB-951C-078A8643CBBE}.MinSizeRel|Win32.Build.0 = MinSizeRel|Win32
		{1721BBF0-E9F8-31AB-951C-078A8643CBBE}.RelWithDebInfo|Win32.ActiveCfg = RelWithDebInfo|Win32
		{1721BBF0-E9F8-31AB-951C-078A8643CBBE}.RelWithDebInfo|Win32.Build.0 = RelWithDebInfo|Win32
		{FCB5527F-6ECC-3DCE-B47D-0CA94BB8B5FC}.Debug|Win32.ActiveCfg = Debug|Win32
		{FCB5527F-6ECC-3DCE-B47D-0CA94BB8B5FC}.Debug|Win32.Build.0 = Debug|Win32
		{FCB5527F-6ECC-3DCE-B47D-0CA94BB8B5FC}.Release|Win32.ActiveCfg = Release|Win32
		{FCB5527F-6ECC-3DCE-B47D-0CA94BB8B5FC}.Release|Win32.Build.0 = Release|Win32
		{FCB5527F-6ECC-3DCE-B47D-0CA94BB8B5FC}.MinSizeRel|Win32.ActiveCfg = MinSizeRel|Win32
		{FCB5527F-6ECC-3DCE-B47D-0CA94BB8B5FC}.MinSizeRel|Win32.Build.0 = MinSizeRel|Win32
		{FCB5527F-6ECC-3DCE-B47D-0CA94BB8B5FC}.RelWithDebInfo|Win32.ActiveCfg = RelWithDebInfo|Win32
		{FCB5527F-6ECC-3DCE-B47D-0CA94BB8B5FC}.RelWithDebInfo|Win32.Build.0 = RelWithDebInfo|Win32
		{CE78D6EB-4225-3501-BCE2-4753219AEBCD}.Debug|Win32.ActiveCfg = Debug|Win32
		{CE78D6EB-4225-3501-BCE2-4753219AEBCD}.Debug|Win32.Build.0 = Debug|Win32
		{CE78D6EB-4225-3501-BCE2-4753219AEBCD}.Release|Win32.ActiveCfg = Release|Win32
		{CE78D6EB-4225-3501-BCE2-4753219AEBCD}.Release|Win32.Build.0 = Release|Win32
		{CE78D6EB-4225-3501-BCE2-4753219AEBCD}.MinSizeRel|Win32.ActiveCfg = MinSizeRel|Win32
		{CE78D6EB-4225-3501-BCE2-4753219AEBCD}.MinSizeRel|Win32.Build.0 = MinSizeRel|Win32
		{CE78D6EB-4225-3501-BCE2-4753219AEBCD}.RelWithDebInfo|Win32.ActiveCfg = RelWithDebInfo|Win32
		{CE78D6EB-4225-3501-BCE2-4753219AEBCD}.RelWithDebInfo|Win32.Build.0 = RelWithDebInfo|Win32
		{1C2F11F6-E429-3638-B57F-25FFEDD2ADE8}.Debug|Win32.ActiveCfg = Debug|Win32
		{1C2F11F6-E429-3638-B57F-25FFEDD2ADE8}.Debug|Win32.Build.0 = Debug|Win32
		{1C2F11F6-E429-3638-B57F-25FFEDD2ADE8}.Release|Win32.ActiveCfg = Release|Win32
		{1C2F11F6-E429-3638-B57F-25FFEDD2ADE8}.Release|Win32.Build.0 = Release|Win32
		{1C2F11F6-E429-3638-B57F-25FFEDD2ADE8}.MinSizeRel|Win32.ActiveCfg = MinSizeRel|Win32
		{1C2F11F6-E429-3638-B57F-25FFEDD2ADE8}.MinSizeRel|Win32.Build.0 = MinSizeRel|Win32
		{1C2F11F6-E429-3638-B57F-25FFEDD2ADE8}.RelWithDebInfo|Win32.ActiveCfg = RelWithDebInfo|Win32
		{1C2F11F6-E429-3638-B57F-25FFEDD2ADE8}.RelWithDebInfo|Win32.Build.0 = RelWithDebInfo|Win32
		{6E7CC707-E715-3FEC-9A94-0C56C7CA1C93}.Debug|Win32.ActiveCfg = Debug|Win32
		{6E7CC707-E715-3FEC-9A94-0C56C7CA1C93}.Debug|Win32.Build.0 = Debug|Win32
		{6E7CC707-E715-3FEC-9A94-0C56C7CA1C93}.Release|Win32.ActiveCfg = Release|Win32
		{6E7CC707-E715-3FEC-9A94-0C56C7CA1C93}.Release|Win32.Build.0 = Release|Win32
		{6E7CC707-E715-3FEC-9A94-0C56C7CA1C93}.MinSizeRel|Win32.ActiveCfg = MinSizeRel|Win32
		{6E7CC707-E715-3FEC-9A94-0C56C7CA1C93}.MinSizeRel|Win32.Build.0 = MinSizeRel|Win32
		{6E7CC707-E715-3FEC-9A94-0C56C7CA1C93}.RelWithDebInfo|Win32.ActiveCfg = RelWithDebInfo|Win32
		{6E7CC707-E715-3FEC-9A94-0C56C7CA1C93}.RelWithDebInfo|Win32.Build.0 = RelWithDebInfo|Win32
		{F9AFEE51-982E-304D-9250-2157799F0CBF}.Debug|Win32.ActiveCfg = Debug|Win32
		{F9AFEE51-982E-304D-9250-2157799F0CBF}.Debug|Win32.Build.0 = Debug|Win32
		{F9AFEE51-982E-304D-9250-2157799F0CBF}.Release|Win32.ActiveCfg = Release|Win32
		{F9AFEE51-982E-304D-9250-2157799F0CBF}.Release|Win32.Build.0 = Release|Win32
		{F9AFEE51-982E-304D-9250-2157799F0CBF}.MinSizeRel|Win32.ActiveCfg = MinSizeRel|Win32
		{F9AFEE51-982E-304D-9250-2157799F0CBF}.MinSizeRel|Win32.Build.0 = MinSizeRel|Win32
		{F9AFEE51-982E-304D-9250-2157799F0CBF}.RelWithDebInfo|Win32.ActiveCfg = RelWithDebInfo|Win32
		{F9AFEE51-982E-304D-9250-2157799F0CBF}.RelWithDebInfo|Win32.Build.0 = RelWithDebInfo|Win32
	EndGlobalSection
	GlobalSection(NestedProjects) = preSolution
		{52FF8B0E-0064-34DA-999A-3F49B654F13A} = {10B38BE0-AB1B-3B1A-B51C-A5C3572CED3C}
		{3B03A8A2-06A5-387E-BB2B-2FFE7DAFD836} = {10B38BE0-AB1B-3B1A-B51C-A5C3572CED3C}
		{84D40CFF-B927-37A3-946B-01959C36BFE2} = {8E7AF53D-CA2F-34BD-9366-30BD099C647D}
		{83374889-B558-31A8-BDF0-C168A40D091A} = {8E7AF53D-CA2F-34BD-9366-30BD099C647D}
		{50C5959F-0D8B-3749-9ECD-92C561C63CA0} = {8E7AF53D-CA2F-34BD-9366-30BD099C647D}
		{D80BF536-E165-390B-A8F7-3B5F5BA78C58} = {8E7AF53D-CA2F-34BD-9366-30BD099C647D}
		{9A9DFB6E-E44B-3FE9-93C1-C97F029DCF71} = {8E7AF53D-CA2F-34BD-9366-30BD099C647D}
		{3F034EA5-09A7-3BBC-BF62-EE7D0FE88CDF} = {8E7AF53D-CA2F-34BD-9366-30BD099C647D}
		{1721BBF0-E9F8-31AB-951C-078A8643CBBE} = {8E7AF53D-CA2F-34BD-9366-30BD099C647D}
		{FCB5527F-6ECC-3DCE-B47D-0CA94BB8B5FC} = {8E7AF53D-CA2F-34BD-9366-30BD099C647D}
		{CE78D6EB-4225-3501-BCE2-4753219AEBCD} = {8E7AF53D-CA2F-34BD-9366-30BD099C647D}
		{1C2F11F6-E429-3638-B57F-25FFEDD2ADE8} = {8E7AF53D-CA2F-34BD-9366-30BD099C647D}
		{6E7CC707-E715-3FEC-9A94-0C56C7CA1C93} = {8E7AF53D-CA2F-34BD-9366-30BD099C647D}
		{50E9CB89-8517-3E5A-B867-B8FA48B4781B} = {807BFBA4-2D13-3B0C-BF57-A1E7D3A72432}
		{93D7C85D-8CD2-3A78-8DFD-DCF53E91999F} = {2CEC7FA9-34B6-3D6B-9CAC-E36EE2E59012}
	EndGlobalSection
	GlobalSection(ExtensibilityGlobals) = postSolution
		SolutionGuid = {D2A009C0-D96D-3A46-BDD8-4AAFDAA1B748}
	EndGlobalSection
	GlobalSection(ExtensibilityAddIns) = postSolution
	EndGlobalSection
EndGlobal
