
Microsoft Visual Studio Solution File, Format Version 12.00
# Visual Studio Version 16
Project("{2150E333-8FDC-42A3-9474-1A3956D46DE8}") = "CMakePredefinedTargets", "CMakePredefinedTargets", "{8914C60B-7CE2-3BB3-A5F1-6E872A72CB16}"
EndProject
Project("{2150E333-8FDC-42A3-9474-1A3956D46DE8}") = "External", "External", "{1E37F03F-FADF-38E6-98EC-815DA7CCE7DF}"
EndProject
Project("{2150E333-8FDC-42A3-9474-1A3956D46DE8}") = "Internal", "Internal", "{57911EBD-9913-34EB-9CAB-E253F36260A5}"
EndProject
Project("{2150E333-8FDC-42A3-9474-1A3956D46DE8}") = "Utils", "Utils", "{CD9B0583-A58E-3A02-AADF-EAFAD0FEB10F}"
EndProject
Project("{8BC9CEB8-8B4A-11D0-8D11-00A0C91BC942}") = "ALL_BUILD", "ALL_BUILD.vcxproj", "{39456EFE-87F4-389B-8DA1-E33F2A8B364A}"
	ProjectSection(ProjectDependencies) = postProject
		{B6152C2D-56A5-3135-B274-6A437EE154BB} = {B6152C2D-56A5-3135-B274-6A437EE154BB}
		{25AC1A41-A47B-3923-B787-9A52A17DBBAA} = {25AC1A41-A47B-3923-B787-9A52A17DBBAA}
		{295AD01A-B1DE-398E-A1A6-C58705B51563} = {295AD01A-B1DE-398E-A1A6-C58705B51563}
		{EFFC5185-C953-3AE1-A898-0CDAE8F43CBB} = {EFFC5185-C953-3AE1-A898-0CDAE8F43CBB}
		{6EF3148B-2B8B-3FE9-8E26-CF3548A3F5A9} = {6EF3148B-2B8B-3FE9-8E26-CF3548A3F5A9}
		{307D6323-6DA9-3AC1-A3C8-E39EB1A1D9A6} = {307D6323-6DA9-3AC1-A3C8-E39EB1A1D9A6}
		{3FD9D0D3-E57A-3C8D-9378-016D5F974E57} = {3FD9D0D3-E57A-3C8D-9378-016D5F974E57}
		{33590EA2-B667-320C-A67B-B4B36C375DB1} = {33590EA2-B667-320C-A67B-B4B36C375DB1}
		{F6C71C9A-6A9A-37C6-B69F-CD54F1F96A08} = {F6C71C9A-6A9A-37C6-B69F-CD54F1F96A08}
		{BD34E71F-8912-3181-A720-AD55909F00E6} = {BD34E71F-8912-3181-A720-AD55909F00E6}
		{E91AE700-0F7D-3135-9290-471AD8C37411} = {E91AE700-0F7D-3135-9290-471AD8C37411}
		{10742EC8-08F1-3296-A1CC-DAE156B2F7F3} = {10742EC8-08F1-3296-A1CC-DAE156B2F7F3}
		{4A13D7D3-80D2-39D8-9EF7-43561381391E} = {4A13D7D3-80D2-39D8-9EF7-43561381391E}
		{2577C80C-B61D-3D6A-AEC8-5736DCD93A70} = {2577C80C-B61D-3D6A-AEC8-5736DCD93A70}
		{A2903A38-100B-3E59-83C4-0A5B5A00BDE6} = {A2903A38-100B-3E59-83C4-0A5B5A00BDE6}
	EndProjectSection
EndProject
Project("{8BC9CEB8-8B4A-11D0-8D11-00A0C91BC942}") = "SYNC_RESOURCE-game_insight_test", "SYNC_RESOURCE-game_insight_test.vcxproj", "{B6152C2D-56A5-3135-B274-6A437EE154BB}"
	ProjectSection(ProjectDependencies) = postProject
		{25AC1A41-A47B-3923-B787-9A52A17DBBAA} = {25AC1A41-A47B-3923-B787-9A52A17DBBAA}
	EndProjectSection
EndProject
Project("{8BC9CEB8-8B4A-11D0-8D11-00A0C91BC942}") = "ZERO_CHECK", "ZERO_CHECK.vcxproj", "{25AC1A41-A47B-3923-B787-9A52A17DBBAA}"
	ProjectSection(ProjectDependencies) = postProject
	EndProjectSection
EndProject
Project("{8BC9CEB8-8B4A-11D0-8D11-00A0C91BC942}") = "cocos2d", "engine\cocos\core\cocos2d.vcxproj", "{295AD01A-B1DE-398E-A1A6-C58705B51563}"
	ProjectSection(ProjectDependencies) = postProject
		{25AC1A41-A47B-3923-B787-9A52A17DBBAA} = {25AC1A41-A47B-3923-B787-9A52A17DBBAA}
		{EFFC5185-C953-3AE1-A898-0CDAE8F43CBB} = {EFFC5185-C953-3AE1-A898-0CDAE8F43CBB}
		{6EF3148B-2B8B-3FE9-8E26-CF3548A3F5A9} = {6EF3148B-2B8B-3FE9-8E26-CF3548A3F5A9}
		{307D6323-6DA9-3AC1-A3C8-E39EB1A1D9A6} = {307D6323-6DA9-3AC1-A3C8-E39EB1A1D9A6}
		{3FD9D0D3-E57A-3C8D-9378-016D5F974E57} = {3FD9D0D3-E57A-3C8D-9378-016D5F974E57}
		{33590EA2-B667-320C-A67B-B4B36C375DB1} = {33590EA2-B667-320C-A67B-B4B36C375DB1}
		{F6C71C9A-6A9A-37C6-B69F-CD54F1F96A08} = {F6C71C9A-6A9A-37C6-B69F-CD54F1F96A08}
		{BD34E71F-8912-3181-A720-AD55909F00E6} = {BD34E71F-8912-3181-A720-AD55909F00E6}
		{E91AE700-0F7D-3135-9290-471AD8C37411} = {E91AE700-0F7D-3135-9290-471AD8C37411}
		{10742EC8-08F1-3296-A1CC-DAE156B2F7F3} = {10742EC8-08F1-3296-A1CC-DAE156B2F7F3}
		{4A13D7D3-80D2-39D8-9EF7-43561381391E} = {4A13D7D3-80D2-39D8-9EF7-43561381391E}
		{2577C80C-B61D-3D6A-AEC8-5736DCD93A70} = {2577C80C-B61D-3D6A-AEC8-5736DCD93A70}
	EndProjectSection
EndProject
Project("{8BC9CEB8-8B4A-11D0-8D11-00A0C91BC942}") = "ext_clipper", "engine\external\clipper\ext_clipper.vcxproj", "{EFFC5185-C953-3AE1-A898-0CDAE8F43CBB}"
	ProjectSection(ProjectDependencies) = postProject
		{25AC1A41-A47B-3923-B787-9A52A17DBBAA} = {25AC1A41-A47B-3923-B787-9A52A17DBBAA}
	EndProjectSection
EndProject
Project("{8BC9CEB8-8B4A-11D0-8D11-00A0C91BC942}") = "ext_convertUTF", "engine\external\ConvertUTF\ext_convertUTF.vcxproj", "{6EF3148B-2B8B-3FE9-8E26-CF3548A3F5A9}"
	ProjectSection(ProjectDependencies) = postProject
		{25AC1A41-A47B-3923-B787-9A52A17DBBAA} = {25AC1A41-A47B-3923-B787-9A52A17DBBAA}
	EndProjectSection
EndProject
Project("{8BC9CEB8-8B4A-11D0-8D11-00A0C91BC942}") = "ext_edtaa3func", "engine\external\edtaa3func\ext_edtaa3func.vcxproj", "{307D6323-6DA9-3AC1-A3C8-E39EB1A1D9A6}"
	ProjectSection(ProjectDependencies) = postProject
		{25AC1A41-A47B-3923-B787-9A52A17DBBAA} = {25AC1A41-A47B-3923-B787-9A52A17DBBAA}
	EndProjectSection
EndProject
Project("{8BC9CEB8-8B4A-11D0-8D11-00A0C91BC942}") = "ext_md5", "engine\external\md5\ext_md5.vcxproj", "{3FD9D0D3-E57A-3C8D-9378-016D5F974E57}"
	ProjectSection(ProjectDependencies) = postProject
		{25AC1A41-A47B-3923-B787-9A52A17DBBAA} = {25AC1A41-A47B-3923-B787-9A52A17DBBAA}
	EndProjectSection
EndProject
Project("{8BC9CEB8-8B4A-11D0-8D11-00A0C91BC942}") = "ext_poly2tri", "engine\external\poly2tri\ext_poly2tri.vcxproj", "{33590EA2-B667-320C-A67B-B4B36C375DB1}"
	ProjectSection(ProjectDependencies) = postProject
		{25AC1A41-A47B-3923-B787-9A52A17DBBAA} = {25AC1A41-A47B-3923-B787-9A52A17DBBAA}
	EndProjectSection
EndProject
Project("{8BC9CEB8-8B4A-11D0-8D11-00A0C91BC942}") = "ext_recast", "engine\external\recast\ext_recast.vcxproj", "{F6C71C9A-6A9A-37C6-B69F-CD54F1F96A08}"
	ProjectSection(ProjectDependencies) = postProject
		{25AC1A41-A47B-3923-B787-9A52A17DBBAA} = {25AC1A41-A47B-3923-B787-9A52A17DBBAA}
	EndProjectSection
EndProject
Project("{8BC9CEB8-8B4A-11D0-8D11-00A0C91BC942}") = "ext_tinyxml2", "engine\external\tinyxml2\ext_tinyxml2.vcxproj", "{BD34E71F-8912-3181-A720-AD55909F00E6}"
	ProjectSection(ProjectDependencies) = postProject
		{25AC1A41-A47B-3923-B787-9A52A17DBBAA} = {25AC1A41-A47B-3923-B787-9A52A17DBBAA}
	EndProjectSection
EndProject
Project("{8BC9CEB8-8B4A-11D0-8D11-00A0C91BC942}") = "ext_unzip", "engine\external\unzip\ext_unzip.vcxproj", "{E91AE700-0F7D-3135-9290-471AD8C37411}"
	ProjectSection(ProjectDependencies) = postProject
		{25AC1A41-A47B-3923-B787-9A52A17DBBAA} = {25AC1A41-A47B-3923-B787-9A52A17DBBAA}
	EndProjectSection
EndProject
Project("{8BC9CEB8-8B4A-11D0-8D11-00A0C91BC942}") = "ext_xxhash", "engine\external\xxhash\ext_xxhash.vcxproj", "{10742EC8-08F1-3296-A1CC-DAE156B2F7F3}"
	ProjectSection(ProjectDependencies) = postProject
		{25AC1A41-A47B-3923-B787-9A52A17DBBAA} = {25AC1A41-A47B-3923-B787-9A52A17DBBAA}
	EndProjectSection
EndProject
Project("{8BC9CEB8-8B4A-11D0-8D11-00A0C91BC942}") = "ext_xxtea", "engine\external\xxtea\ext_xxtea.vcxproj", "{4A13D7D3-80D2-39D8-9EF7-43561381391E}"
	ProjectSection(ProjectDependencies) = postProject
		{25AC1A41-A47B-3923-B787-9A52A17DBBAA} = {25AC1A41-A47B-3923-B787-9A52A17DBBAA}
	EndProjectSection
EndProject
Project("{8BC9CEB8-8B4A-11D0-8D11-00A0C91BC942}") = "external", "engine\external\external.vcxproj", "{2577C80C-B61D-3D6A-AEC8-5736DCD93A70}"
	ProjectSection(ProjectDependencies) = postProject
		{25AC1A41-A47B-3923-B787-9A52A17DBBAA} = {25AC1A41-A47B-3923-B787-9A52A17DBBAA}
		{EFFC5185-C953-3AE1-A898-0CDAE8F43CBB} = {EFFC5185-C953-3AE1-A898-0CDAE8F43CBB}
		{6EF3148B-2B8B-3FE9-8E26-CF3548A3F5A9} = {6EF3148B-2B8B-3FE9-8E26-CF3548A3F5A9}
		{307D6323-6DA9-3AC1-A3C8-E39EB1A1D9A6} = {307D6323-6DA9-3AC1-A3C8-E39EB1A1D9A6}
		{3FD9D0D3-E57A-3C8D-9378-016D5F974E57} = {3FD9D0D3-E57A-3C8D-9378-016D5F974E57}
		{33590EA2-B667-320C-A67B-B4B36C375DB1} = {33590EA2-B667-320C-A67B-B4B36C375DB1}
		{F6C71C9A-6A9A-37C6-B69F-CD54F1F96A08} = {F6C71C9A-6A9A-37C6-B69F-CD54F1F96A08}
		{BD34E71F-8912-3181-A720-AD55909F00E6} = {BD34E71F-8912-3181-A720-AD55909F00E6}
		{E91AE700-0F7D-3135-9290-471AD8C37411} = {E91AE700-0F7D-3135-9290-471AD8C37411}
		{10742EC8-08F1-3296-A1CC-DAE156B2F7F3} = {10742EC8-08F1-3296-A1CC-DAE156B2F7F3}
		{4A13D7D3-80D2-39D8-9EF7-43561381391E} = {4A13D7D3-80D2-39D8-9EF7-43561381391E}
	EndProjectSection
EndProject
Project("{8BC9CEB8-8B4A-11D0-8D11-00A0C91BC942}") = "game_insight_test", "game_insight_test.vcxproj", "{A2903A38-100B-3E59-83C4-0A5B5A00BDE6}"
	ProjectSection(ProjectDependencies) = postProject
		{B6152C2D-56A5-3135-B274-6A437EE154BB} = {B6152C2D-56A5-3135-B274-6A437EE154BB}
		{25AC1A41-A47B-3923-B787-9A52A17DBBAA} = {25AC1A41-A47B-3923-B787-9A52A17DBBAA}
		{295AD01A-B1DE-398E-A1A6-C58705B51563} = {295AD01A-B1DE-398E-A1A6-C58705B51563}
		{EFFC5185-C953-3AE1-A898-0CDAE8F43CBB} = {EFFC5185-C953-3AE1-A898-0CDAE8F43CBB}
		{6EF3148B-2B8B-3FE9-8E26-CF3548A3F5A9} = {6EF3148B-2B8B-3FE9-8E26-CF3548A3F5A9}
		{307D6323-6DA9-3AC1-A3C8-E39EB1A1D9A6} = {307D6323-6DA9-3AC1-A3C8-E39EB1A1D9A6}
		{3FD9D0D3-E57A-3C8D-9378-016D5F974E57} = {3FD9D0D3-E57A-3C8D-9378-016D5F974E57}
		{33590EA2-B667-320C-A67B-B4B36C375DB1} = {33590EA2-B667-320C-A67B-B4B36C375DB1}
		{F6C71C9A-6A9A-37C6-B69F-CD54F1F96A08} = {F6C71C9A-6A9A-37C6-B69F-CD54F1F96A08}
		{BD34E71F-8912-3181-A720-AD55909F00E6} = {BD34E71F-8912-3181-A720-AD55909F00E6}
		{E91AE700-0F7D-3135-9290-471AD8C37411} = {E91AE700-0F7D-3135-9290-471AD8C37411}
		{10742EC8-08F1-3296-A1CC-DAE156B2F7F3} = {10742EC8-08F1-3296-A1CC-DAE156B2F7F3}
		{4A13D7D3-80D2-39D8-9EF7-43561381391E} = {4A13D7D3-80D2-39D8-9EF7-43561381391E}
		{2577C80C-B61D-3D6A-AEC8-5736DCD93A70} = {2577C80C-B61D-3D6A-AEC8-5736DCD93A70}
	EndProjectSection
EndProject
Global
	GlobalSection(SolutionConfigurationPlatforms) = preSolution
		Debug|Win32 = Debug|Win32
		Release|Win32 = Release|Win32
		MinSizeRel|Win32 = MinSizeRel|Win32
		RelWithDebInfo|Win32 = RelWithDebInfo|Win32
	EndGlobalSection
	GlobalSection(ProjectConfigurationPlatforms) = postSolution
		{39456EFE-87F4-389B-8DA1-E33F2A8B364A}.Debug|Win32.ActiveCfg = Debug|Win32
		{39456EFE-87F4-389B-8DA1-E33F2A8B364A}.Release|Win32.ActiveCfg = Release|Win32
		{39456EFE-87F4-389B-8DA1-E33F2A8B364A}.MinSizeRel|Win32.ActiveCfg = MinSizeRel|Win32
		{39456EFE-87F4-389B-8DA1-E33F2A8B364A}.RelWithDebInfo|Win32.ActiveCfg = RelWithDebInfo|Win32
		{B6152C2D-56A5-3135-B274-6A437EE154BB}.Debug|Win32.ActiveCfg = Debug|Win32
		{B6152C2D-56A5-3135-B274-6A437EE154BB}.Debug|Win32.Build.0 = Debug|Win32
		{B6152C2D-56A5-3135-B274-6A437EE154BB}.Release|Win32.ActiveCfg = Release|Win32
		{B6152C2D-56A5-3135-B274-6A437EE154BB}.Release|Win32.Build.0 = Release|Win32
		{B6152C2D-56A5-3135-B274-6A437EE154BB}.MinSizeRel|Win32.ActiveCfg = MinSizeRel|Win32
		{B6152C2D-56A5-3135-B274-6A437EE154BB}.MinSizeRel|Win32.Build.0 = MinSizeRel|Win32
		{B6152C2D-56A5-3135-B274-6A437EE154BB}.RelWithDebInfo|Win32.ActiveCfg = RelWithDebInfo|Win32
		{B6152C2D-56A5-3135-B274-6A437EE154BB}.RelWithDebInfo|Win32.Build.0 = RelWithDebInfo|Win32
		{25AC1A41-A47B-3923-B787-9A52A17DBBAA}.Debug|Win32.ActiveCfg = Debug|Win32
		{25AC1A41-A47B-3923-B787-9A52A17DBBAA}.Debug|Win32.Build.0 = Debug|Win32
		{25AC1A41-A47B-3923-B787-9A52A17DBBAA}.Release|Win32.ActiveCfg = Release|Win32
		{25AC1A41-A47B-3923-B787-9A52A17DBBAA}.Release|Win32.Build.0 = Release|Win32
		{25AC1A41-A47B-3923-B787-9A52A17DBBAA}.MinSizeRel|Win32.ActiveCfg = MinSizeRel|Win32
		{25AC1A41-A47B-3923-B787-9A52A17DBBAA}.MinSizeRel|Win32.Build.0 = MinSizeRel|Win32
		{25AC1A41-A47B-3923-B787-9A52A17DBBAA}.RelWithDebInfo|Win32.ActiveCfg = RelWithDebInfo|Win32
		{25AC1A41-A47B-3923-B787-9A52A17DBBAA}.RelWithDebInfo|Win32.Build.0 = RelWithDebInfo|Win32
		{295AD01A-B1DE-398E-A1A6-C58705B51563}.Debug|Win32.ActiveCfg = Debug|Win32
		{295AD01A-B1DE-398E-A1A6-C58705B51563}.Debug|Win32.Build.0 = Debug|Win32
		{295AD01A-B1DE-398E-A1A6-C58705B51563}.Release|Win32.ActiveCfg = Release|Win32
		{295AD01A-B1DE-398E-A1A6-C58705B51563}.Release|Win32.Build.0 = Release|Win32
		{295AD01A-B1DE-398E-A1A6-C58705B51563}.MinSizeRel|Win32.ActiveCfg = MinSizeRel|Win32
		{295AD01A-B1DE-398E-A1A6-C58705B51563}.MinSizeRel|Win32.Build.0 = MinSizeRel|Win32
		{295AD01A-B1DE-398E-A1A6-C58705B51563}.RelWithDebInfo|Win32.ActiveCfg = RelWithDebInfo|Win32
		{295AD01A-B1DE-398E-A1A6-C58705B51563}.RelWithDebInfo|Win32.Build.0 = RelWithDebInfo|Win32
		{EFFC5185-C953-3AE1-A898-0CDAE8F43CBB}.Debug|Win32.ActiveCfg = Debug|Win32
		{EFFC5185-C953-3AE1-A898-0CDAE8F43CBB}.Debug|Win32.Build.0 = Debug|Win32
		{EFFC5185-C953-3AE1-A898-0CDAE8F43CBB}.Release|Win32.ActiveCfg = Release|Win32
		{EFFC5185-C953-3AE1-A898-0CDAE8F43CBB}.Release|Win32.Build.0 = Release|Win32
		{EFFC5185-C953-3AE1-A898-0CDAE8F43CBB}.MinSizeRel|Win32.ActiveCfg = MinSizeRel|Win32
		{EFFC5185-C953-3AE1-A898-0CDAE8F43CBB}.MinSizeRel|Win32.Build.0 = MinSizeRel|Win32
		{EFFC5185-C953-3AE1-A898-0CDAE8F43CBB}.RelWithDebInfo|Win32.ActiveCfg = RelWithDebInfo|Win32
		{EFFC5185-C953-3AE1-A898-0CDAE8F43CBB}.RelWithDebInfo|Win32.Build.0 = RelWithDebInfo|Win32
		{6EF3148B-2B8B-3FE9-8E26-CF3548A3F5A9}.Debug|Win32.ActiveCfg = Debug|Win32
		{6EF3148B-2B8B-3FE9-8E26-CF3548A3F5A9}.Debug|Win32.Build.0 = Debug|Win32
		{6EF3148B-2B8B-3FE9-8E26-CF3548A3F5A9}.Release|Win32.ActiveCfg = Release|Win32
		{6EF3148B-2B8B-3FE9-8E26-CF3548A3F5A9}.Release|Win32.Build.0 = Release|Win32
		{6EF3148B-2B8B-3FE9-8E26-CF3548A3F5A9}.MinSizeRel|Win32.ActiveCfg = MinSizeRel|Win32
		{6EF3148B-2B8B-3FE9-8E26-CF3548A3F5A9}.MinSizeRel|Win32.Build.0 = MinSizeRel|Win32
		{6EF3148B-2B8B-3FE9-8E26-CF3548A3F5A9}.RelWithDebInfo|Win32.ActiveCfg = RelWithDebInfo|Win32
		{6EF3148B-2B8B-3FE9-8E26-CF3548A3F5A9}.RelWithDebInfo|Win32.Build.0 = RelWithDebInfo|Win32
		{307D6323-6DA9-3AC1-A3C8-E39EB1A1D9A6}.Debug|Win32.ActiveCfg = Debug|Win32
		{307D6323-6DA9-3AC1-A3C8-E39EB1A1D9A6}.Debug|Win32.Build.0 = Debug|Win32
		{307D6323-6DA9-3AC1-A3C8-E39EB1A1D9A6}.Release|Win32.ActiveCfg = Release|Win32
		{307D6323-6DA9-3AC1-A3C8-E39EB1A1D9A6}.Release|Win32.Build.0 = Release|Win32
		{307D6323-6DA9-3AC1-A3C8-E39EB1A1D9A6}.MinSizeRel|Win32.ActiveCfg = MinSizeRel|Win32
		{307D6323-6DA9-3AC1-A3C8-E39EB1A1D9A6}.MinSizeRel|Win32.Build.0 = MinSizeRel|Win32
		{307D6323-6DA9-3AC1-A3C8-E39EB1A1D9A6}.RelWithDebInfo|Win32.ActiveCfg = RelWithDebInfo|Win32
		{307D6323-6DA9-3AC1-A3C8-E39EB1A1D9A6}.RelWithDebInfo|Win32.Build.0 = RelWithDebInfo|Win32
		{3FD9D0D3-E57A-3C8D-9378-016D5F974E57}.Debug|Win32.ActiveCfg = Debug|Win32
		{3FD9D0D3-E57A-3C8D-9378-016D5F974E57}.Debug|Win32.Build.0 = Debug|Win32
		{3FD9D0D3-E57A-3C8D-9378-016D5F974E57}.Release|Win32.ActiveCfg = Release|Win32
		{3FD9D0D3-E57A-3C8D-9378-016D5F974E57}.Release|Win32.Build.0 = Release|Win32
		{3FD9D0D3-E57A-3C8D-9378-016D5F974E57}.MinSizeRel|Win32.ActiveCfg = MinSizeRel|Win32
		{3FD9D0D3-E57A-3C8D-9378-016D5F974E57}.MinSizeRel|Win32.Build.0 = MinSizeRel|Win32
		{3FD9D0D3-E57A-3C8D-9378-016D5F974E57}.RelWithDebInfo|Win32.ActiveCfg = RelWithDebInfo|Win32
		{3FD9D0D3-E57A-3C8D-9378-016D5F974E57}.RelWithDebInfo|Win32.Build.0 = RelWithDebInfo|Win32
		{33590EA2-B667-320C-A67B-B4B36C375DB1}.Debug|Win32.ActiveCfg = Debug|Win32
		{33590EA2-B667-320C-A67B-B4B36C375DB1}.Debug|Win32.Build.0 = Debug|Win32
		{33590EA2-B667-320C-A67B-B4B36C375DB1}.Release|Win32.ActiveCfg = Release|Win32
		{33590EA2-B667-320C-A67B-B4B36C375DB1}.Release|Win32.Build.0 = Release|Win32
		{33590EA2-B667-320C-A67B-B4B36C375DB1}.MinSizeRel|Win32.ActiveCfg = MinSizeRel|Win32
		{33590EA2-B667-320C-A67B-B4B36C375DB1}.MinSizeRel|Win32.Build.0 = MinSizeRel|Win32
		{33590EA2-B667-320C-A67B-B4B36C375DB1}.RelWithDebInfo|Win32.ActiveCfg = RelWithDebInfo|Win32
		{33590EA2-B667-320C-A67B-B4B36C375DB1}.RelWithDebInfo|Win32.Build.0 = RelWithDebInfo|Win32
		{F6C71C9A-6A9A-37C6-B69F-CD54F1F96A08}.Debug|Win32.ActiveCfg = Debug|Win32
		{F6C71C9A-6A9A-37C6-B69F-CD54F1F96A08}.Debug|Win32.Build.0 = Debug|Win32
		{F6C71C9A-6A9A-37C6-B69F-CD54F1F96A08}.Release|Win32.ActiveCfg = Release|Win32
		{F6C71C9A-6A9A-37C6-B69F-CD54F1F96A08}.Release|Win32.Build.0 = Release|Win32
		{F6C71C9A-6A9A-37C6-B69F-CD54F1F96A08}.MinSizeRel|Win32.ActiveCfg = MinSizeRel|Win32
		{F6C71C9A-6A9A-37C6-B69F-CD54F1F96A08}.MinSizeRel|Win32.Build.0 = MinSizeRel|Win32
		{F6C71C9A-6A9A-37C6-B69F-CD54F1F96A08}.RelWithDebInfo|Win32.ActiveCfg = RelWithDebInfo|Win32
		{F6C71C9A-6A9A-37C6-B69F-CD54F1F96A08}.RelWithDebInfo|Win32.Build.0 = RelWithDebInfo|Win32
		{BD34E71F-8912-3181-A720-AD55909F00E6}.Debug|Win32.ActiveCfg = Debug|Win32
		{BD34E71F-8912-3181-A720-AD55909F00E6}.Debug|Win32.Build.0 = Debug|Win32
		{BD34E71F-8912-3181-A720-AD55909F00E6}.Release|Win32.ActiveCfg = Release|Win32
		{BD34E71F-8912-3181-A720-AD55909F00E6}.Release|Win32.Build.0 = Release|Win32
		{BD34E71F-8912-3181-A720-AD55909F00E6}.MinSizeRel|Win32.ActiveCfg = MinSizeRel|Win32
		{BD34E71F-8912-3181-A720-AD55909F00E6}.MinSizeRel|Win32.Build.0 = MinSizeRel|Win32
		{BD34E71F-8912-3181-A720-AD55909F00E6}.RelWithDebInfo|Win32.ActiveCfg = RelWithDebInfo|Win32
		{BD34E71F-8912-3181-A720-AD55909F00E6}.RelWithDebInfo|Win32.Build.0 = RelWithDebInfo|Win32
		{E91AE700-0F7D-3135-9290-471AD8C37411}.Debug|Win32.ActiveCfg = Debug|Win32
		{E91AE700-0F7D-3135-9290-471AD8C37411}.Debug|Win32.Build.0 = Debug|Win32
		{E91AE700-0F7D-3135-9290-471AD8C37411}.Release|Win32.ActiveCfg = Release|Win32
		{E91AE700-0F7D-3135-9290-471AD8C37411}.Release|Win32.Build.0 = Release|Win32
		{E91AE700-0F7D-3135-9290-471AD8C37411}.MinSizeRel|Win32.ActiveCfg = MinSizeRel|Win32
		{E91AE700-0F7D-3135-9290-471AD8C37411}.MinSizeRel|Win32.Build.0 = MinSizeRel|Win32
		{E91AE700-0F7D-3135-9290-471AD8C37411}.RelWithDebInfo|Win32.ActiveCfg = RelWithDebInfo|Win32
		{E91AE700-0F7D-3135-9290-471AD8C37411}.RelWithDebInfo|Win32.Build.0 = RelWithDebInfo|Win32
		{10742EC8-08F1-3296-A1CC-DAE156B2F7F3}.Debug|Win32.ActiveCfg = Debug|Win32
		{10742EC8-08F1-3296-A1CC-DAE156B2F7F3}.Debug|Win32.Build.0 = Debug|Win32
		{10742EC8-08F1-3296-A1CC-DAE156B2F7F3}.Release|Win32.ActiveCfg = Release|Win32
		{10742EC8-08F1-3296-A1CC-DAE156B2F7F3}.Release|Win32.Build.0 = Release|Win32
		{10742EC8-08F1-3296-A1CC-DAE156B2F7F3}.MinSizeRel|Win32.ActiveCfg = MinSizeRel|Win32
		{10742EC8-08F1-3296-A1CC-DAE156B2F7F3}.MinSizeRel|Win32.Build.0 = MinSizeRel|Win32
		{10742EC8-08F1-3296-A1CC-DAE156B2F7F3}.RelWithDebInfo|Win32.ActiveCfg = RelWithDebInfo|Win32
		{10742EC8-08F1-3296-A1CC-DAE156B2F7F3}.RelWithDebInfo|Win32.Build.0 = RelWithDebInfo|Win32
		{4A13D7D3-80D2-39D8-9EF7-43561381391E}.Debug|Win32.ActiveCfg = Debug|Win32
		{4A13D7D3-80D2-39D8-9EF7-43561381391E}.Debug|Win32.Build.0 = Debug|Win32
		{4A13D7D3-80D2-39D8-9EF7-43561381391E}.Release|Win32.ActiveCfg = Release|Win32
		{4A13D7D3-80D2-39D8-9EF7-43561381391E}.Release|Win32.Build.0 = Release|Win32
		{4A13D7D3-80D2-39D8-9EF7-43561381391E}.MinSizeRel|Win32.ActiveCfg = MinSizeRel|Win32
		{4A13D7D3-80D2-39D8-9EF7-43561381391E}.MinSizeRel|Win32.Build.0 = MinSizeRel|Win32
		{4A13D7D3-80D2-39D8-9EF7-43561381391E}.RelWithDebInfo|Win32.ActiveCfg = RelWithDebInfo|Win32
		{4A13D7D3-80D2-39D8-9EF7-43561381391E}.RelWithDebInfo|Win32.Build.0 = RelWithDebInfo|Win32
		{2577C80C-B61D-3D6A-AEC8-5736DCD93A70}.Debug|Win32.ActiveCfg = Debug|Win32
		{2577C80C-B61D-3D6A-AEC8-5736DCD93A70}.Debug|Win32.Build.0 = Debug|Win32
		{2577C80C-B61D-3D6A-AEC8-5736DCD93A70}.Release|Win32.ActiveCfg = Release|Win32
		{2577C80C-B61D-3D6A-AEC8-5736DCD93A70}.Release|Win32.Build.0 = Release|Win32
		{2577C80C-B61D-3D6A-AEC8-5736DCD93A70}.MinSizeRel|Win32.ActiveCfg = MinSizeRel|Win32
		{2577C80C-B61D-3D6A-AEC8-5736DCD93A70}.MinSizeRel|Win32.Build.0 = MinSizeRel|Win32
		{2577C80C-B61D-3D6A-AEC8-5736DCD93A70}.RelWithDebInfo|Win32.ActiveCfg = RelWithDebInfo|Win32
		{2577C80C-B61D-3D6A-AEC8-5736DCD93A70}.RelWithDebInfo|Win32.Build.0 = RelWithDebInfo|Win32
		{A2903A38-100B-3E59-83C4-0A5B5A00BDE6}.Debug|Win32.ActiveCfg = Debug|Win32
		{A2903A38-100B-3E59-83C4-0A5B5A00BDE6}.Debug|Win32.Build.0 = Debug|Win32
		{A2903A38-100B-3E59-83C4-0A5B5A00BDE6}.Release|Win32.ActiveCfg = Release|Win32
		{A2903A38-100B-3E59-83C4-0A5B5A00BDE6}.Release|Win32.Build.0 = Release|Win32
		{A2903A38-100B-3E59-83C4-0A5B5A00BDE6}.MinSizeRel|Win32.ActiveCfg = MinSizeRel|Win32
		{A2903A38-100B-3E59-83C4-0A5B5A00BDE6}.MinSizeRel|Win32.Build.0 = MinSizeRel|Win32
		{A2903A38-100B-3E59-83C4-0A5B5A00BDE6}.RelWithDebInfo|Win32.ActiveCfg = RelWithDebInfo|Win32
		{A2903A38-100B-3E59-83C4-0A5B5A00BDE6}.RelWithDebInfo|Win32.Build.0 = RelWithDebInfo|Win32
	EndGlobalSection
	GlobalSection(NestedProjects) = preSolution
		{39456EFE-87F4-389B-8DA1-E33F2A8B364A} = {8914C60B-7CE2-3BB3-A5F1-6E872A72CB16}
		{25AC1A41-A47B-3923-B787-9A52A17DBBAA} = {8914C60B-7CE2-3BB3-A5F1-6E872A72CB16}
		{EFFC5185-C953-3AE1-A898-0CDAE8F43CBB} = {1E37F03F-FADF-38E6-98EC-815DA7CCE7DF}
		{6EF3148B-2B8B-3FE9-8E26-CF3548A3F5A9} = {1E37F03F-FADF-38E6-98EC-815DA7CCE7DF}
		{307D6323-6DA9-3AC1-A3C8-E39EB1A1D9A6} = {1E37F03F-FADF-38E6-98EC-815DA7CCE7DF}
		{3FD9D0D3-E57A-3C8D-9378-016D5F974E57} = {1E37F03F-FADF-38E6-98EC-815DA7CCE7DF}
		{33590EA2-B667-320C-A67B-B4B36C375DB1} = {1E37F03F-FADF-38E6-98EC-815DA7CCE7DF}
		{F6C71C9A-6A9A-37C6-B69F-CD54F1F96A08} = {1E37F03F-FADF-38E6-98EC-815DA7CCE7DF}
		{BD34E71F-8912-3181-A720-AD55909F00E6} = {1E37F03F-FADF-38E6-98EC-815DA7CCE7DF}
		{E91AE700-0F7D-3135-9290-471AD8C37411} = {1E37F03F-FADF-38E6-98EC-815DA7CCE7DF}
		{10742EC8-08F1-3296-A1CC-DAE156B2F7F3} = {1E37F03F-FADF-38E6-98EC-815DA7CCE7DF}
		{4A13D7D3-80D2-39D8-9EF7-43561381391E} = {1E37F03F-FADF-38E6-98EC-815DA7CCE7DF}
		{2577C80C-B61D-3D6A-AEC8-5736DCD93A70} = {1E37F03F-FADF-38E6-98EC-815DA7CCE7DF}
		{295AD01A-B1DE-398E-A1A6-C58705B51563} = {57911EBD-9913-34EB-9CAB-E253F36260A5}
		{B6152C2D-56A5-3135-B274-6A437EE154BB} = {CD9B0583-A58E-3A02-AADF-EAFAD0FEB10F}
	EndGlobalSection
	GlobalSection(ExtensibilityGlobals) = postSolution
		SolutionGuid = {F85F4F96-25B2-3605-8530-D6EDC16B2E6D}
	EndGlobalSection
	GlobalSection(ExtensibilityAddIns) = postSolution
	EndGlobalSection
EndGlobal
