
Microsoft Visual Studio Solution File, Format Version 12.00
# Visual Studio Version 16
Project("{2150E333-8FDC-42A3-9474-1A3956D46DE8}") = "CMakePredefinedTargets", "CMakePredefinedTargets", "{579FDB50-6B5B-3833-839A-C33B020A5EA3}"
EndProject
Project("{2150E333-8FDC-42A3-9474-1A3956D46DE8}") = "External", "External", "{57F8B3C4-1F15-30B4-BFE3-256B13F673D6}"
EndProject
Project("{2150E333-8FDC-42A3-9474-1A3956D46DE8}") = "Internal", "Internal", "{89ECC9F9-0137-3B6B-A82F-72BD71B0EAD7}"
EndProject
Project("{2150E333-8FDC-42A3-9474-1A3956D46DE8}") = "Utils", "Utils", "{207B50D4-F711-3756-ADCB-62412C8D7A08}"
EndProject
Project("{8BC9CEB8-8B4A-11D0-8D11-00A0C91BC942}") = "ALL_BUILD", "ALL_BUILD.vcxproj", "{BAC12505-39A5-39C7-A562-5C727281FCD1}"
	ProjectSection(ProjectDependencies) = postProject
		{752426EA-98B1-3B62-84A7-6AE0B38A162A} = {752426EA-98B1-3B62-84A7-6AE0B38A162A}
		{B3110F73-3CB2-3BC1-A48D-5904EE287E6B} = {B3110F73-3CB2-3BC1-A48D-5904EE287E6B}
		{2CEA0B5A-FC05-35D7-A73C-5089E298F5B4} = {2CEA0B5A-FC05-35D7-A73C-5089E298F5B4}
		{8D38F6C5-BD6F-3BC0-9818-9EB906799526} = {8D38F6C5-BD6F-3BC0-9818-9EB906799526}
		{EEB368FC-6AE9-35EC-9D33-E22D0D09CD2E} = {EEB368FC-6AE9-35EC-9D33-E22D0D09CD2E}
		{814FDC67-95FD-32F1-A54A-8CA59D7A533D} = {814FDC67-95FD-32F1-A54A-8CA59D7A533D}
		{083583F0-4495-3E05-A3A7-25AA8FF1837D} = {083583F0-4495-3E05-A3A7-25AA8FF1837D}
		{DC6A8C56-41D4-3A67-88FC-FBC44A56FA0B} = {DC6A8C56-41D4-3A67-88FC-FBC44A56FA0B}
		{8213AA52-211C-32D2-AC8E-82D1174BE1C2} = {8213AA52-211C-32D2-AC8E-82D1174BE1C2}
		{59F15823-00DC-3696-B40E-604243C5DB9E} = {59F15823-00DC-3696-B40E-604243C5DB9E}
		{D0380530-63F2-31C9-A4F2-7992B4E72C2E} = {D0380530-63F2-31C9-A4F2-7992B4E72C2E}
		{8B9D3CE3-EAE0-39A0-A517-612E29E9E40A} = {8B9D3CE3-EAE0-39A0-A517-612E29E9E40A}
		{EC90D941-CC8E-3716-AE9F-28C093264090} = {EC90D941-CC8E-3716-AE9F-28C093264090}
		{20ECAE9A-4858-3ADB-8B1B-4F0602715022} = {20ECAE9A-4858-3ADB-8B1B-4F0602715022}
		{2ECDD450-4AF7-3903-970B-6B81F78E6707} = {2ECDD450-4AF7-3903-970B-6B81F78E6707}
	EndProjectSection
EndProject
Project("{8BC9CEB8-8B4A-11D0-8D11-00A0C91BC942}") = "SYNC_RESOURCE-game_insight_test", "SYNC_RESOURCE-game_insight_test.vcxproj", "{752426EA-98B1-3B62-84A7-6AE0B38A162A}"
	ProjectSection(ProjectDependencies) = postProject
		{B3110F73-3CB2-3BC1-A48D-5904EE287E6B} = {B3110F73-3CB2-3BC1-A48D-5904EE287E6B}
	EndProjectSection
EndProject
Project("{8BC9CEB8-8B4A-11D0-8D11-00A0C91BC942}") = "ZERO_CHECK", "ZERO_CHECK.vcxproj", "{B3110F73-3CB2-3BC1-A48D-5904EE287E6B}"
	ProjectSection(ProjectDependencies) = postProject
	EndProjectSection
EndProject
Project("{8BC9CEB8-8B4A-11D0-8D11-00A0C91BC942}") = "cocos2d", "engine\cocos\core\cocos2d.vcxproj", "{2CEA0B5A-FC05-35D7-A73C-5089E298F5B4}"
	ProjectSection(ProjectDependencies) = postProject
		{B3110F73-3CB2-3BC1-A48D-5904EE287E6B} = {B3110F73-3CB2-3BC1-A48D-5904EE287E6B}
		{8D38F6C5-BD6F-3BC0-9818-9EB906799526} = {8D38F6C5-BD6F-3BC0-9818-9EB906799526}
		{EEB368FC-6AE9-35EC-9D33-E22D0D09CD2E} = {EEB368FC-6AE9-35EC-9D33-E22D0D09CD2E}
		{814FDC67-95FD-32F1-A54A-8CA59D7A533D} = {814FDC67-95FD-32F1-A54A-8CA59D7A533D}
		{083583F0-4495-3E05-A3A7-25AA8FF1837D} = {083583F0-4495-3E05-A3A7-25AA8FF1837D}
		{DC6A8C56-41D4-3A67-88FC-FBC44A56FA0B} = {DC6A8C56-41D4-3A67-88FC-FBC44A56FA0B}
		{8213AA52-211C-32D2-AC8E-82D1174BE1C2} = {8213AA52-211C-32D2-AC8E-82D1174BE1C2}
		{59F15823-00DC-3696-B40E-604243C5DB9E} = {59F15823-00DC-3696-B40E-604243C5DB9E}
		{D0380530-63F2-31C9-A4F2-7992B4E72C2E} = {D0380530-63F2-31C9-A4F2-7992B4E72C2E}
		{8B9D3CE3-EAE0-39A0-A517-612E29E9E40A} = {8B9D3CE3-EAE0-39A0-A517-612E29E9E40A}
		{EC90D941-CC8E-3716-AE9F-28C093264090} = {EC90D941-CC8E-3716-AE9F-28C093264090}
		{20ECAE9A-4858-3ADB-8B1B-4F0602715022} = {20ECAE9A-4858-3ADB-8B1B-4F0602715022}
	EndProjectSection
EndProject
Project("{8BC9CEB8-8B4A-11D0-8D11-00A0C91BC942}") = "ext_clipper", "engine\external\clipper\ext_clipper.vcxproj", "{8D38F6C5-BD6F-3BC0-9818-9EB906799526}"
	ProjectSection(ProjectDependencies) = postProject
		{B3110F73-3CB2-3BC1-A48D-5904EE287E6B} = {B3110F73-3CB2-3BC1-A48D-5904EE287E6B}
	EndProjectSection
EndProject
Project("{8BC9CEB8-8B4A-11D0-8D11-00A0C91BC942}") = "ext_convertUTF", "engine\external\ConvertUTF\ext_convertUTF.vcxproj", "{EEB368FC-6AE9-35EC-9D33-E22D0D09CD2E}"
	ProjectSection(ProjectDependencies) = postProject
		{B3110F73-3CB2-3BC1-A48D-5904EE287E6B} = {B3110F73-3CB2-3BC1-A48D-5904EE287E6B}
	EndProjectSection
EndProject
Project("{8BC9CEB8-8B4A-11D0-8D11-00A0C91BC942}") = "ext_edtaa3func", "engine\external\edtaa3func\ext_edtaa3func.vcxproj", "{814FDC67-95FD-32F1-A54A-8CA59D7A533D}"
	ProjectSection(ProjectDependencies) = postProject
		{B3110F73-3CB2-3BC1-A48D-5904EE287E6B} = {B3110F73-3CB2-3BC1-A48D-5904EE287E6B}
	EndProjectSection
EndProject
Project("{8BC9CEB8-8B4A-11D0-8D11-00A0C91BC942}") = "ext_md5", "engine\external\md5\ext_md5.vcxproj", "{083583F0-4495-3E05-A3A7-25AA8FF1837D}"
	ProjectSection(ProjectDependencies) = postProject
		{B3110F73-3CB2-3BC1-A48D-5904EE287E6B} = {B3110F73-3CB2-3BC1-A48D-5904EE287E6B}
	EndProjectSection
EndProject
Project("{8BC9CEB8-8B4A-11D0-8D11-00A0C91BC942}") = "ext_poly2tri", "engine\external\poly2tri\ext_poly2tri.vcxproj", "{DC6A8C56-41D4-3A67-88FC-FBC44A56FA0B}"
	ProjectSection(ProjectDependencies) = postProject
		{B3110F73-3CB2-3BC1-A48D-5904EE287E6B} = {B3110F73-3CB2-3BC1-A48D-5904EE287E6B}
	EndProjectSection
EndProject
Project("{8BC9CEB8-8B4A-11D0-8D11-00A0C91BC942}") = "ext_recast", "engine\external\recast\ext_recast.vcxproj", "{8213AA52-211C-32D2-AC8E-82D1174BE1C2}"
	ProjectSection(ProjectDependencies) = postProject
		{B3110F73-3CB2-3BC1-A48D-5904EE287E6B} = {B3110F73-3CB2-3BC1-A48D-5904EE287E6B}
	EndProjectSection
EndProject
Project("{8BC9CEB8-8B4A-11D0-8D11-00A0C91BC942}") = "ext_tinyxml2", "engine\external\tinyxml2\ext_tinyxml2.vcxproj", "{59F15823-00DC-3696-B40E-604243C5DB9E}"
	ProjectSection(ProjectDependencies) = postProject
		{B3110F73-3CB2-3BC1-A48D-5904EE287E6B} = {B3110F73-3CB2-3BC1-A48D-5904EE287E6B}
	EndProjectSection
EndProject
Project("{8BC9CEB8-8B4A-11D0-8D11-00A0C91BC942}") = "ext_unzip", "engine\external\unzip\ext_unzip.vcxproj", "{D0380530-63F2-31C9-A4F2-7992B4E72C2E}"
	ProjectSection(ProjectDependencies) = postProject
		{B3110F73-3CB2-3BC1-A48D-5904EE287E6B} = {B3110F73-3CB2-3BC1-A48D-5904EE287E6B}
	EndProjectSection
EndProject
Project("{8BC9CEB8-8B4A-11D0-8D11-00A0C91BC942}") = "ext_xxhash", "engine\external\xxhash\ext_xxhash.vcxproj", "{8B9D3CE3-EAE0-39A0-A517-612E29E9E40A}"
	ProjectSection(ProjectDependencies) = postProject
		{B3110F73-3CB2-3BC1-A48D-5904EE287E6B} = {B3110F73-3CB2-3BC1-A48D-5904EE287E6B}
	EndProjectSection
EndProject
Project("{8BC9CEB8-8B4A-11D0-8D11-00A0C91BC942}") = "ext_xxtea", "engine\external\xxtea\ext_xxtea.vcxproj", "{EC90D941-CC8E-3716-AE9F-28C093264090}"
	ProjectSection(ProjectDependencies) = postProject
		{B3110F73-3CB2-3BC1-A48D-5904EE287E6B} = {B3110F73-3CB2-3BC1-A48D-5904EE287E6B}
	EndProjectSection
EndProject
Project("{8BC9CEB8-8B4A-11D0-8D11-00A0C91BC942}") = "external", "engine\external\external.vcxproj", "{20ECAE9A-4858-3ADB-8B1B-4F0602715022}"
	ProjectSection(ProjectDependencies) = postProject
		{B3110F73-3CB2-3BC1-A48D-5904EE287E6B} = {B3110F73-3CB2-3BC1-A48D-5904EE287E6B}
		{8D38F6C5-BD6F-3BC0-9818-9EB906799526} = {8D38F6C5-BD6F-3BC0-9818-9EB906799526}
		{EEB368FC-6AE9-35EC-9D33-E22D0D09CD2E} = {EEB368FC-6AE9-35EC-9D33-E22D0D09CD2E}
		{814FDC67-95FD-32F1-A54A-8CA59D7A533D} = {814FDC67-95FD-32F1-A54A-8CA59D7A533D}
		{083583F0-4495-3E05-A3A7-25AA8FF1837D} = {083583F0-4495-3E05-A3A7-25AA8FF1837D}
		{DC6A8C56-41D4-3A67-88FC-FBC44A56FA0B} = {DC6A8C56-41D4-3A67-88FC-FBC44A56FA0B}
		{8213AA52-211C-32D2-AC8E-82D1174BE1C2} = {8213AA52-211C-32D2-AC8E-82D1174BE1C2}
		{59F15823-00DC-3696-B40E-604243C5DB9E} = {59F15823-00DC-3696-B40E-604243C5DB9E}
		{D0380530-63F2-31C9-A4F2-7992B4E72C2E} = {D0380530-63F2-31C9-A4F2-7992B4E72C2E}
		{8B9D3CE3-EAE0-39A0-A517-612E29E9E40A} = {8B9D3CE3-EAE0-39A0-A517-612E29E9E40A}
		{EC90D941-CC8E-3716-AE9F-28C093264090} = {EC90D941-CC8E-3716-AE9F-28C093264090}
	EndProjectSection
EndProject
Project("{8BC9CEB8-8B4A-11D0-8D11-00A0C91BC942}") = "game_insight_test", "game_insight_test.vcxproj", "{2ECDD450-4AF7-3903-970B-6B81F78E6707}"
	ProjectSection(ProjectDependencies) = postProject
		{752426EA-98B1-3B62-84A7-6AE0B38A162A} = {752426EA-98B1-3B62-84A7-6AE0B38A162A}
		{B3110F73-3CB2-3BC1-A48D-5904EE287E6B} = {B3110F73-3CB2-3BC1-A48D-5904EE287E6B}
		{2CEA0B5A-FC05-35D7-A73C-5089E298F5B4} = {2CEA0B5A-FC05-35D7-A73C-5089E298F5B4}
		{8D38F6C5-BD6F-3BC0-9818-9EB906799526} = {8D38F6C5-BD6F-3BC0-9818-9EB906799526}
		{EEB368FC-6AE9-35EC-9D33-E22D0D09CD2E} = {EEB368FC-6AE9-35EC-9D33-E22D0D09CD2E}
		{814FDC67-95FD-32F1-A54A-8CA59D7A533D} = {814FDC67-95FD-32F1-A54A-8CA59D7A533D}
		{083583F0-4495-3E05-A3A7-25AA8FF1837D} = {083583F0-4495-3E05-A3A7-25AA8FF1837D}
		{DC6A8C56-41D4-3A67-88FC-FBC44A56FA0B} = {DC6A8C56-41D4-3A67-88FC-FBC44A56FA0B}
		{8213AA52-211C-32D2-AC8E-82D1174BE1C2} = {8213AA52-211C-32D2-AC8E-82D1174BE1C2}
		{59F15823-00DC-3696-B40E-604243C5DB9E} = {59F15823-00DC-3696-B40E-604243C5DB9E}
		{D0380530-63F2-31C9-A4F2-7992B4E72C2E} = {D0380530-63F2-31C9-A4F2-7992B4E72C2E}
		{8B9D3CE3-EAE0-39A0-A517-612E29E9E40A} = {8B9D3CE3-EAE0-39A0-A517-612E29E9E40A}
		{EC90D941-CC8E-3716-AE9F-28C093264090} = {EC90D941-CC8E-3716-AE9F-28C093264090}
		{20ECAE9A-4858-3ADB-8B1B-4F0602715022} = {20ECAE9A-4858-3ADB-8B1B-4F0602715022}
	EndProjectSection
EndProject
Global
	GlobalSection(SolutionConfigurationPlatforms) = preSolution
		Debug|Win32 = Debug|Win32
		Release|Win32 = Release|Win32
		MinSizeRel|Win32 = MinSizeRel|Win32
		RelWithDebInfo|Win32 = RelWithDebInfo|Win32
	EndGlobalSection
	GlobalSection(ProjectConfigurationPlatforms) = postSolution
		{BAC12505-39A5-39C7-A562-5C727281FCD1}.Debug|Win32.ActiveCfg = Debug|Win32
		{BAC12505-39A5-39C7-A562-5C727281FCD1}.Release|Win32.ActiveCfg = Release|Win32
		{BAC12505-39A5-39C7-A562-5C727281FCD1}.MinSizeRel|Win32.ActiveCfg = MinSizeRel|Win32
		{BAC12505-39A5-39C7-A562-5C727281FCD1}.RelWithDebInfo|Win32.ActiveCfg = RelWithDebInfo|Win32
		{752426EA-98B1-3B62-84A7-6AE0B38A162A}.Debug|Win32.ActiveCfg = Debug|Win32
		{752426EA-98B1-3B62-84A7-6AE0B38A162A}.Debug|Win32.Build.0 = Debug|Win32
		{752426EA-98B1-3B62-84A7-6AE0B38A162A}.Release|Win32.ActiveCfg = Release|Win32
		{752426EA-98B1-3B62-84A7-6AE0B38A162A}.Release|Win32.Build.0 = Release|Win32
		{752426EA-98B1-3B62-84A7-6AE0B38A162A}.MinSizeRel|Win32.ActiveCfg = MinSizeRel|Win32
		{752426EA-98B1-3B62-84A7-6AE0B38A162A}.MinSizeRel|Win32.Build.0 = MinSizeRel|Win32
		{752426EA-98B1-3B62-84A7-6AE0B38A162A}.RelWithDebInfo|Win32.ActiveCfg = RelWithDebInfo|Win32
		{752426EA-98B1-3B62-84A7-6AE0B38A162A}.RelWithDebInfo|Win32.Build.0 = RelWithDebInfo|Win32
		{B3110F73-3CB2-3BC1-A48D-5904EE287E6B}.Debug|Win32.ActiveCfg = Debug|Win32
		{B3110F73-3CB2-3BC1-A48D-5904EE287E6B}.Debug|Win32.Build.0 = Debug|Win32
		{B3110F73-3CB2-3BC1-A48D-5904EE287E6B}.Release|Win32.ActiveCfg = Release|Win32
		{B3110F73-3CB2-3BC1-A48D-5904EE287E6B}.Release|Win32.Build.0 = Release|Win32
		{B3110F73-3CB2-3BC1-A48D-5904EE287E6B}.MinSizeRel|Win32.ActiveCfg = MinSizeRel|Win32
		{B3110F73-3CB2-3BC1-A48D-5904EE287E6B}.MinSizeRel|Win32.Build.0 = MinSizeRel|Win32
		{B3110F73-3CB2-3BC1-A48D-5904EE287E6B}.RelWithDebInfo|Win32.ActiveCfg = RelWithDebInfo|Win32
		{B3110F73-3CB2-3BC1-A48D-5904EE287E6B}.RelWithDebInfo|Win32.Build.0 = RelWithDebInfo|Win32
		{2CEA0B5A-FC05-35D7-A73C-5089E298F5B4}.Debug|Win32.ActiveCfg = Debug|Win32
		{2CEA0B5A-FC05-35D7-A73C-5089E298F5B4}.Debug|Win32.Build.0 = Debug|Win32
		{2CEA0B5A-FC05-35D7-A73C-5089E298F5B4}.Release|Win32.ActiveCfg = Release|Win32
		{2CEA0B5A-FC05-35D7-A73C-5089E298F5B4}.Release|Win32.Build.0 = Release|Win32
		{2CEA0B5A-FC05-35D7-A73C-5089E298F5B4}.MinSizeRel|Win32.ActiveCfg = MinSizeRel|Win32
		{2CEA0B5A-FC05-35D7-A73C-5089E298F5B4}.MinSizeRel|Win32.Build.0 = MinSizeRel|Win32
		{2CEA0B5A-FC05-35D7-A73C-5089E298F5B4}.RelWithDebInfo|Win32.ActiveCfg = RelWithDebInfo|Win32
		{2CEA0B5A-FC05-35D7-A73C-5089E298F5B4}.RelWithDebInfo|Win32.Build.0 = RelWithDebInfo|Win32
		{8D38F6C5-BD6F-3BC0-9818-9EB906799526}.Debug|Win32.ActiveCfg = Debug|Win32
		{8D38F6C5-BD6F-3BC0-9818-9EB906799526}.Debug|Win32.Build.0 = Debug|Win32
		{8D38F6C5-BD6F-3BC0-9818-9EB906799526}.Release|Win32.ActiveCfg = Release|Win32
		{8D38F6C5-BD6F-3BC0-9818-9EB906799526}.Release|Win32.Build.0 = Release|Win32
		{8D38F6C5-BD6F-3BC0-9818-9EB906799526}.MinSizeRel|Win32.ActiveCfg = MinSizeRel|Win32
		{8D38F6C5-BD6F-3BC0-9818-9EB906799526}.MinSizeRel|Win32.Build.0 = MinSizeRel|Win32
		{8D38F6C5-BD6F-3BC0-9818-9EB906799526}.RelWithDebInfo|Win32.ActiveCfg = RelWithDebInfo|Win32
		{8D38F6C5-BD6F-3BC0-9818-9EB906799526}.RelWithDebInfo|Win32.Build.0 = RelWithDebInfo|Win32
		{EEB368FC-6AE9-35EC-9D33-E22D0D09CD2E}.Debug|Win32.ActiveCfg = Debug|Win32
		{EEB368FC-6AE9-35EC-9D33-E22D0D09CD2E}.Debug|Win32.Build.0 = Debug|Win32
		{EEB368FC-6AE9-35EC-9D33-E22D0D09CD2E}.Release|Win32.ActiveCfg = Release|Win32
		{EEB368FC-6AE9-35EC-9D33-E22D0D09CD2E}.Release|Win32.Build.0 = Release|Win32
		{EEB368FC-6AE9-35EC-9D33-E22D0D09CD2E}.MinSizeRel|Win32.ActiveCfg = MinSizeRel|Win32
		{EEB368FC-6AE9-35EC-9D33-E22D0D09CD2E}.MinSizeRel|Win32.Build.0 = MinSizeRel|Win32
		{EEB368FC-6AE9-35EC-9D33-E22D0D09CD2E}.RelWithDebInfo|Win32.ActiveCfg = RelWithDebInfo|Win32
		{EEB368FC-6AE9-35EC-9D33-E22D0D09CD2E}.RelWithDebInfo|Win32.Build.0 = RelWithDebInfo|Win32
		{814FDC67-95FD-32F1-A54A-8CA59D7A533D}.Debug|Win32.ActiveCfg = Debug|Win32
		{814FDC67-95FD-32F1-A54A-8CA59D7A533D}.Debug|Win32.Build.0 = Debug|Win32
		{814FDC67-95FD-32F1-A54A-8CA59D7A533D}.Release|Win32.ActiveCfg = Release|Win32
		{814FDC67-95FD-32F1-A54A-8CA59D7A533D}.Release|Win32.Build.0 = Release|Win32
		{814FDC67-95FD-32F1-A54A-8CA59D7A533D}.MinSizeRel|Win32.ActiveCfg = MinSizeRel|Win32
		{814FDC67-95FD-32F1-A54A-8CA59D7A533D}.MinSizeRel|Win32.Build.0 = MinSizeRel|Win32
		{814FDC67-95FD-32F1-A54A-8CA59D7A533D}.RelWithDebInfo|Win32.ActiveCfg = RelWithDebInfo|Win32
		{814FDC67-95FD-32F1-A54A-8CA59D7A533D}.RelWithDebInfo|Win32.Build.0 = RelWithDebInfo|Win32
		{083583F0-4495-3E05-A3A7-25AA8FF1837D}.Debug|Win32.ActiveCfg = Debug|Win32
		{083583F0-4495-3E05-A3A7-25AA8FF1837D}.Debug|Win32.Build.0 = Debug|Win32
		{083583F0-4495-3E05-A3A7-25AA8FF1837D}.Release|Win32.ActiveCfg = Release|Win32
		{083583F0-4495-3E05-A3A7-25AA8FF1837D}.Release|Win32.Build.0 = Release|Win32
		{083583F0-4495-3E05-A3A7-25AA8FF1837D}.MinSizeRel|Win32.ActiveCfg = MinSizeRel|Win32
		{083583F0-4495-3E05-A3A7-25AA8FF1837D}.MinSizeRel|Win32.Build.0 = MinSizeRel|Win32
		{083583F0-4495-3E05-A3A7-25AA8FF1837D}.RelWithDebInfo|Win32.ActiveCfg = RelWithDebInfo|Win32
		{083583F0-4495-3E05-A3A7-25AA8FF1837D}.RelWithDebInfo|Win32.Build.0 = RelWithDebInfo|Win32
		{DC6A8C56-41D4-3A67-88FC-FBC44A56FA0B}.Debug|Win32.ActiveCfg = Debug|Win32
		{DC6A8C56-41D4-3A67-88FC-FBC44A56FA0B}.Debug|Win32.Build.0 = Debug|Win32
		{DC6A8C56-41D4-3A67-88FC-FBC44A56FA0B}.Release|Win32.ActiveCfg = Release|Win32
		{DC6A8C56-41D4-3A67-88FC-FBC44A56FA0B}.Release|Win32.Build.0 = Release|Win32
		{DC6A8C56-41D4-3A67-88FC-FBC44A56FA0B}.MinSizeRel|Win32.ActiveCfg = MinSizeRel|Win32
		{DC6A8C56-41D4-3A67-88FC-FBC44A56FA0B}.MinSizeRel|Win32.Build.0 = MinSizeRel|Win32
		{DC6A8C56-41D4-3A67-88FC-FBC44A56FA0B}.RelWithDebInfo|Win32.ActiveCfg = RelWithDebInfo|Win32
		{DC6A8C56-41D4-3A67-88FC-FBC44A56FA0B}.RelWithDebInfo|Win32.Build.0 = RelWithDebInfo|Win32
		{8213AA52-211C-32D2-AC8E-82D1174BE1C2}.Debug|Win32.ActiveCfg = Debug|Win32
		{8213AA52-211C-32D2-AC8E-82D1174BE1C2}.Debug|Win32.Build.0 = Debug|Win32
		{8213AA52-211C-32D2-AC8E-82D1174BE1C2}.Release|Win32.ActiveCfg = Release|Win32
		{8213AA52-211C-32D2-AC8E-82D1174BE1C2}.Release|Win32.Build.0 = Release|Win32
		{8213AA52-211C-32D2-AC8E-82D1174BE1C2}.MinSizeRel|Win32.ActiveCfg = MinSizeRel|Win32
		{8213AA52-211C-32D2-AC8E-82D1174BE1C2}.MinSizeRel|Win32.Build.0 = MinSizeRel|Win32
		{8213AA52-211C-32D2-AC8E-82D1174BE1C2}.RelWithDebInfo|Win32.ActiveCfg = RelWithDebInfo|Win32
		{8213AA52-211C-32D2-AC8E-82D1174BE1C2}.RelWithDebInfo|Win32.Build.0 = RelWithDebInfo|Win32
		{59F15823-00DC-3696-B40E-604243C5DB9E}.Debug|Win32.ActiveCfg = Debug|Win32
		{59F15823-00DC-3696-B40E-604243C5DB9E}.Debug|Win32.Build.0 = Debug|Win32
		{59F15823-00DC-3696-B40E-604243C5DB9E}.Release|Win32.ActiveCfg = Release|Win32
		{59F15823-00DC-3696-B40E-604243C5DB9E}.Release|Win32.Build.0 = Release|Win32
		{59F15823-00DC-3696-B40E-604243C5DB9E}.MinSizeRel|Win32.ActiveCfg = MinSizeRel|Win32
		{59F15823-00DC-3696-B40E-604243C5DB9E}.MinSizeRel|Win32.Build.0 = MinSizeRel|Win32
		{59F15823-00DC-3696-B40E-604243C5DB9E}.RelWithDebInfo|Win32.ActiveCfg = RelWithDebInfo|Win32
		{59F15823-00DC-3696-B40E-604243C5DB9E}.RelWithDebInfo|Win32.Build.0 = RelWithDebInfo|Win32
		{D0380530-63F2-31C9-A4F2-7992B4E72C2E}.Debug|Win32.ActiveCfg = Debug|Win32
		{D0380530-63F2-31C9-A4F2-7992B4E72C2E}.Debug|Win32.Build.0 = Debug|Win32
		{D0380530-63F2-31C9-A4F2-7992B4E72C2E}.Release|Win32.ActiveCfg = Release|Win32
		{D0380530-63F2-31C9-A4F2-7992B4E72C2E}.Release|Win32.Build.0 = Release|Win32
		{D0380530-63F2-31C9-A4F2-7992B4E72C2E}.MinSizeRel|Win32.ActiveCfg = MinSizeRel|Win32
		{D0380530-63F2-31C9-A4F2-7992B4E72C2E}.MinSizeRel|Win32.Build.0 = MinSizeRel|Win32
		{D0380530-63F2-31C9-A4F2-7992B4E72C2E}.RelWithDebInfo|Win32.ActiveCfg = RelWithDebInfo|Win32
		{D0380530-63F2-31C9-A4F2-7992B4E72C2E}.RelWithDebInfo|Win32.Build.0 = RelWithDebInfo|Win32
		{8B9D3CE3-EAE0-39A0-A517-612E29E9E40A}.Debug|Win32.ActiveCfg = Debug|Win32
		{8B9D3CE3-EAE0-39A0-A517-612E29E9E40A}.Debug|Win32.Build.0 = Debug|Win32
		{8B9D3CE3-EAE0-39A0-A517-612E29E9E40A}.Release|Win32.ActiveCfg = Release|Win32
		{8B9D3CE3-EAE0-39A0-A517-612E29E9E40A}.Release|Win32.Build.0 = Release|Win32
		{8B9D3CE3-EAE0-39A0-A517-612E29E9E40A}.MinSizeRel|Win32.ActiveCfg = MinSizeRel|Win32
		{8B9D3CE3-EAE0-39A0-A517-612E29E9E40A}.MinSizeRel|Win32.Build.0 = MinSizeRel|Win32
		{8B9D3CE3-EAE0-39A0-A517-612E29E9E40A}.RelWithDebInfo|Win32.ActiveCfg = RelWithDebInfo|Win32
		{8B9D3CE3-EAE0-39A0-A517-612E29E9E40A}.RelWithDebInfo|Win32.Build.0 = RelWithDebInfo|Win32
		{EC90D941-CC8E-3716-AE9F-28C093264090}.Debug|Win32.ActiveCfg = Debug|Win32
		{EC90D941-CC8E-3716-AE9F-28C093264090}.Debug|Win32.Build.0 = Debug|Win32
		{EC90D941-CC8E-3716-AE9F-28C093264090}.Release|Win32.ActiveCfg = Release|Win32
		{EC90D941-CC8E-3716-AE9F-28C093264090}.Release|Win32.Build.0 = Release|Win32
		{EC90D941-CC8E-3716-AE9F-28C093264090}.MinSizeRel|Win32.ActiveCfg = MinSizeRel|Win32
		{EC90D941-CC8E-3716-AE9F-28C093264090}.MinSizeRel|Win32.Build.0 = MinSizeRel|Win32
		{EC90D941-CC8E-3716-AE9F-28C093264090}.RelWithDebInfo|Win32.ActiveCfg = RelWithDebInfo|Win32
		{EC90D941-CC8E-3716-AE9F-28C093264090}.RelWithDebInfo|Win32.Build.0 = RelWithDebInfo|Win32
		{20ECAE9A-4858-3ADB-8B1B-4F0602715022}.Debug|Win32.ActiveCfg = Debug|Win32
		{20ECAE9A-4858-3ADB-8B1B-4F0602715022}.Debug|Win32.Build.0 = Debug|Win32
		{20ECAE9A-4858-3ADB-8B1B-4F0602715022}.Release|Win32.ActiveCfg = Release|Win32
		{20ECAE9A-4858-3ADB-8B1B-4F0602715022}.Release|Win32.Build.0 = Release|Win32
		{20ECAE9A-4858-3ADB-8B1B-4F0602715022}.MinSizeRel|Win32.ActiveCfg = MinSizeRel|Win32
		{20ECAE9A-4858-3ADB-8B1B-4F0602715022}.MinSizeRel|Win32.Build.0 = MinSizeRel|Win32
		{20ECAE9A-4858-3ADB-8B1B-4F0602715022}.RelWithDebInfo|Win32.ActiveCfg = RelWithDebInfo|Win32
		{20ECAE9A-4858-3ADB-8B1B-4F0602715022}.RelWithDebInfo|Win32.Build.0 = RelWithDebInfo|Win32
		{2ECDD450-4AF7-3903-970B-6B81F78E6707}.Debug|Win32.ActiveCfg = Debug|Win32
		{2ECDD450-4AF7-3903-970B-6B81F78E6707}.Debug|Win32.Build.0 = Debug|Win32
		{2ECDD450-4AF7-3903-970B-6B81F78E6707}.Release|Win32.ActiveCfg = Release|Win32
		{2ECDD450-4AF7-3903-970B-6B81F78E6707}.Release|Win32.Build.0 = Release|Win32
		{2ECDD450-4AF7-3903-970B-6B81F78E6707}.MinSizeRel|Win32.ActiveCfg = MinSizeRel|Win32
		{2ECDD450-4AF7-3903-970B-6B81F78E6707}.MinSizeRel|Win32.Build.0 = MinSizeRel|Win32
		{2ECDD450-4AF7-3903-970B-6B81F78E6707}.RelWithDebInfo|Win32.ActiveCfg = RelWithDebInfo|Win32
		{2ECDD450-4AF7-3903-970B-6B81F78E6707}.RelWithDebInfo|Win32.Build.0 = RelWithDebInfo|Win32
	EndGlobalSection
	GlobalSection(NestedProjects) = preSolution
		{BAC12505-39A5-39C7-A562-5C727281FCD1} = {579FDB50-6B5B-3833-839A-C33B020A5EA3}
		{B3110F73-3CB2-3BC1-A48D-5904EE287E6B} = {579FDB50-6B5B-3833-839A-C33B020A5EA3}
		{8D38F6C5-BD6F-3BC0-9818-9EB906799526} = {57F8B3C4-1F15-30B4-BFE3-256B13F673D6}
		{EEB368FC-6AE9-35EC-9D33-E22D0D09CD2E} = {57F8B3C4-1F15-30B4-BFE3-256B13F673D6}
		{814FDC67-95FD-32F1-A54A-8CA59D7A533D} = {57F8B3C4-1F15-30B4-BFE3-256B13F673D6}
		{083583F0-4495-3E05-A3A7-25AA8FF1837D} = {57F8B3C4-1F15-30B4-BFE3-256B13F673D6}
		{DC6A8C56-41D4-3A67-88FC-FBC44A56FA0B} = {57F8B3C4-1F15-30B4-BFE3-256B13F673D6}
		{8213AA52-211C-32D2-AC8E-82D1174BE1C2} = {57F8B3C4-1F15-30B4-BFE3-256B13F673D6}
		{59F15823-00DC-3696-B40E-604243C5DB9E} = {57F8B3C4-1F15-30B4-BFE3-256B13F673D6}
		{D0380530-63F2-31C9-A4F2-7992B4E72C2E} = {57F8B3C4-1F15-30B4-BFE3-256B13F673D6}
		{8B9D3CE3-EAE0-39A0-A517-612E29E9E40A} = {57F8B3C4-1F15-30B4-BFE3-256B13F673D6}
		{EC90D941-CC8E-3716-AE9F-28C093264090} = {57F8B3C4-1F15-30B4-BFE3-256B13F673D6}
		{20ECAE9A-4858-3ADB-8B1B-4F0602715022} = {57F8B3C4-1F15-30B4-BFE3-256B13F673D6}
		{2CEA0B5A-FC05-35D7-A73C-5089E298F5B4} = {89ECC9F9-0137-3B6B-A82F-72BD71B0EAD7}
		{752426EA-98B1-3B62-84A7-6AE0B38A162A} = {207B50D4-F711-3756-ADCB-62412C8D7A08}
	EndGlobalSection
	GlobalSection(ExtensibilityGlobals) = postSolution
		SolutionGuid = {355B46B7-0F41-365C-ADFB-AB5D1B6727A4}
	EndGlobalSection
	GlobalSection(ExtensibilityAddIns) = postSolution
	EndGlobalSection
EndGlobal
